
Microsoft Visual Studio Solution File, Format Version 12.00
# Visual Studio 15
Project("{FAE04EC0-301F-11D3-BF4B-00C04F79EFBC}") = "UnityEngine.TestRunner", "UnityEngine.TestRunner.csproj", "{7CC2C5FA-D07F-8A85-C6DC-C4A53228764D}"
EndProject
Project("{FAE04EC0-301F-11D3-BF4B-00C04F79EFBC}") = "Unity.Mathematics", "Unity.Mathematics.csproj", "{AA70E07E-A4FF-7A34-CF02-BAA936A33CA2}"
EndProject
Project("{FAE04EC0-301F-11D3-BF4B-00C04F79EFBC}") = "Unity.2D.Animation.Triangle.Runtime", "Unity.2D.Animation.Triangle.Runtime.csproj", "{05E5C53B-8482-6C65-9CB4-CDB2EE3DAF66}"
EndProject
Project("{FAE04EC0-301F-11D3-BF4B-00C04F79EFBC}") = "Unity.Timeline", "Unity.Timeline.csproj", "{0F47EDA1-57F9-8BC0-0B52-75AAD27C8E65}"
EndProject
Project("{FAE04EC0-301F-11D3-BF4B-00C04F79EFBC}") = "UnityEngine.UI", "UnityEngine.UI.csproj", "{5D6454B8-E81A-89AA-E6C0-DD67BAC48A75}"
EndProject
Project("{FAE04EC0-301F-11D3-BF4B-00C04F79EFBC}") = "Unity.TextMeshPro", "Unity.TextMeshPro.csproj", "{C0569D66-286D-49A9-6341-2D9E45A67BD9}"
EndProject
Project("{FAE04EC0-301F-11D3-BF4B-00C04F79EFBC}") = "Unity.2D.Animation.Runtime", "Unity.2D.Animation.Runtime.csproj", "{9121A43E-38FA-9C27-6D9A-8D1BD27F6D75}"
EndProject
Project("{FAE04EC0-301F-11D3-BF4B-00C04F79EFBC}") = "Unity.2D.IK.Runtime", "Unity.2D.IK.Runtime.csproj", "{40FA4F6D-1F92-DF75-E5BA-87E3C4669DDD}"
EndProject
Project("{FAE04EC0-301F-11D3-BF4B-00C04F79EFBC}") = "Unity.2D.SpriteShape.Runtime", "Unity.2D.SpriteShape.Runtime.csproj", "{3BFBC8DF-5E09-2783-7959-ACDB5E4E1E35}"
EndProject
Project("{FAE04EC0-301F-11D3-BF4B-00C04F79EFBC}") = "Unity.2D.PixelPerfect", "Unity.2D.PixelPerfect.csproj", "{5DC76FC4-FC9C-F9C4-FCE2-E9F955E32A57}"
EndProject
Project("{FAE04EC0-301F-11D3-BF4B-00C04F79EFBC}") = "Unity.2D.Common.Runtime", "Unity.2D.Common.Runtime.csproj", "{AD4D6648-0769-C699-B783-A749E6C050C0}"
EndProject
Project("{FAE04EC0-301F-11D3-BF4B-00C04F79EFBC}") = "Unity.InternalAPIEngineBridge.001", "Unity.InternalAPIEngineBridge.001.csproj", "{A4812E4C-3D82-2EE0-5FCF-0BB5979EA208}"
EndProject
Project("{FAE04EC0-301F-11D3-BF4B-00C04F79EFBC}") = "Assembly-CSharp", "Assembly-CSharp.csproj", "{5B68CC26-14DE-2D10-33B5-C6B896E3B05D}"
EndProject
Project("{FAE04EC0-301F-11D3-BF4B-00C04F79EFBC}") = "UnityEditor.TestRunner", "UnityEditor.TestRunner.csproj", "{E881FBC6-E16B-F7A0-6DFC-0B32FBC7824E}"
EndProject
Project("{FAE04EC0-301F-11D3-BF4B-00C04F79EFBC}") = "UnityEditor.UI", "UnityEditor.UI.csproj", "{3549B56B-72E1-E8C2-CD14-73E8F37B037E}"
EndProject
Project("{FAE04EC0-301F-11D3-BF4B-00C04F79EFBC}") = "Unity.Timeline.Editor", "Unity.Timeline.Editor.csproj", "{C6E2D349-307E-5C64-E726-48225B0C57D9}"
EndProject
Project("{FAE04EC0-301F-11D3-BF4B-00C04F79EFBC}") = "Unity.VisualStudio.Editor", "Unity.VisualStudio.Editor.csproj", "{6F77324E-27FA-0A99-569F-BCF4A426BA11}"
EndProject
Project("{FAE04EC0-301F-11D3-BF4B-00C04F79EFBC}") = "Unity.2D.Psdimporter.Editor", "Unity.2D.Psdimporter.Editor.csproj", "{77E16DFF-FC0C-F4DE-9F79-F7208EF117B6}"
EndProject
Project("{FAE04EC0-301F-11D3-BF4B-00C04F79EFBC}") = "Unity.2D.Animation.Editor", "Unity.2D.Animation.Editor.csproj", "{769DCB66-2F59-C9DA-1C8B-E250C73DE59C}"
EndProject
Project("{FAE04EC0-301F-11D3-BF4B-00C04F79EFBC}") = "Unity.TextMeshPro.Editor", "Unity.TextMeshPro.Editor.csproj", "{2F972539-6958-5274-DBED-5453F046FBB4}"
EndProject
Project("{FAE04EC0-301F-11D3-BF4B-00C04F79EFBC}") = "Unity.2D.SpriteShape.Editor", "Unity.2D.SpriteShape.Editor.csproj", "{945EB7B6-0A2F-CD1A-98D2-1535BA1ED50C}"
EndProject
Project("{FAE04EC0-301F-11D3-BF4B-00C04F79EFBC}") = "Unity.CollabProxy.Editor", "Unity.CollabProxy.Editor.csproj", "{1C76810C-4C44-9262-8185-93B8690908B9}"
EndProject
Project("{FAE04EC0-301F-11D3-BF4B-00C04F79EFBC}") = "PsdPlugin", "PsdPlugin.csproj", "{87619173-8C05-B6CA-9864-5D66F906A268}"
EndProject
Project("{FAE04EC0-301F-11D3-BF4B-00C04F79EFBC}") = "Unity.2D.Path.Editor", "Unity.2D.Path.Editor.csproj", "{34AF1C6F-7312-FBD4-4E5B-AC0E9985B955}"
EndProject
Project("{FAE04EC0-301F-11D3-BF4B-00C04F79EFBC}") = "Unity.Rider.Editor", "Unity.Rider.Editor.csproj", "{75BFED07-79E2-1A9E-FF66-397D4EEB0E62}"
EndProject
Project("{FAE04EC0-301F-11D3-BF4B-00C04F79EFBC}") = "Unity.2D.IK.Editor", "Unity.2D.IK.Editor.csproj", "{2AFBF1BD-9CDF-7BF4-8431-71FCF1F28FA8}"
EndProject
Project("{FAE04EC0-301F-11D3-BF4B-00C04F79EFBC}") = "Unity.2D.Sprite.Editor", "Unity.2D.Sprite.Editor.csproj", "{0FD36AB1-9942-FD17-F4E0-5F2CA7BBC230}"
EndProject
Project("{FAE04EC0-301F-11D3-BF4B-00C04F79EFBC}") = "Unity.2D.Tilemap.Editor", "Unity.2D.Tilemap.Editor.csproj", "{87C55DBB-3EA5-88CC-870E-074D2B8206DB}"
EndProject
Project("{FAE04EC0-301F-11D3-BF4B-00C04F79EFBC}") = "Unity.2D.PixelPerfect.Editor", "Unity.2D.PixelPerfect.Editor.csproj", "{E0B6BDC0-CCDB-58C0-2C8C-389176D3551D}"
EndProject
Project("{FAE04EC0-301F-11D3-BF4B-00C04F79EFBC}") = "Unity.VSCode.Editor", "Unity.VSCode.Editor.csproj", "{193B6418-D6EF-68AA-9F43-51BBD77C86C1}"
EndProject
Project("{FAE04EC0-301F-11D3-BF4B-00C04F79EFBC}") = "Unity.2D.Common.Editor", "Unity.2D.Common.Editor.csproj", "{DABA33CF-9C3C-30FB-BD80-E88D8206453C}"
EndProject
Project("{FAE04EC0-301F-11D3-BF4B-00C04F79EFBC}") = "Unity.Mathematics.Editor", "Unity.Mathematics.Editor.csproj", "{29CD0029-F3BB-2802-A3AB-557BC65B7802}"
EndProject
Project("{FAE04EC0-301F-11D3-BF4B-00C04F79EFBC}") = "Unity.InternalAPIEditorBridge.001", "Unity.InternalAPIEditorBridge.001.csproj", "{CFCEED0B-44BD-77FD-259F-5216536285A4}"
EndProject
Project("{FAE04EC0-301F-11D3-BF4B-00C04F79EFBC}") = "UnityEngine.TestRunner", "UnityEngine.TestRunner.Player.csproj", "{086BC435-89A5-B228-16F1-401683099410}"
EndProject
Project("{FAE04EC0-301F-11D3-BF4B-00C04F79EFBC}") = "Unity.Mathematics", "Unity.Mathematics.Player.csproj", "{189C72C0-A6BD-AE30-F61F-4A704C21ED6E}"
EndProject
Project("{FAE04EC0-301F-11D3-BF4B-00C04F79EFBC}") = "Unity.2D.Animation.Triangle.Runtime", "Unity.2D.Animation.Triangle.Runtime.Player.csproj", "{D6BCE16D-2E9D-78E8-B3F0-9B15B569D817}"
EndProject
Project("{FAE04EC0-301F-11D3-BF4B-00C04F79EFBC}") = "Unity.Timeline", "Unity.Timeline.Player.csproj", "{530420FF-ECEE-C209-292E-A3EC7B5FF2DF}"
EndProject
Project("{FAE04EC0-301F-11D3-BF4B-00C04F79EFBC}") = "UnityEngine.UI", "UnityEngine.UI.Player.csproj", "{AA3F1D01-8626-21AA-3AD8-82C455CB5607}"
EndProject
Project("{FAE04EC0-301F-11D3-BF4B-00C04F79EFBC}") = "Unity.TextMeshPro", "Unity.TextMeshPro.Player.csproj", "{8BDA3CF9-5824-1B58-D0E7-E27E4163C307}"
EndProject
Project("{FAE04EC0-301F-11D3-BF4B-00C04F79EFBC}") = "Unity.2D.Animation.Runtime", "Unity.2D.Animation.Runtime.Player.csproj", "{04FC145E-6951-07D6-BB4A-A1FEF02ED03A}"
EndProject
Project("{FAE04EC0-301F-11D3-BF4B-00C04F79EFBC}") = "Unity.2D.IK.Runtime", "Unity.2D.IK.Runtime.Player.csproj", "{7DD73CC5-A2BA-663C-D5E8-28327322A4BC}"
EndProject
Project("{FAE04EC0-301F-11D3-BF4B-00C04F79EFBC}") = "Unity.2D.SpriteShape.Runtime", "Unity.2D.SpriteShape.Runtime.Player.csproj", "{A04C9C56-E578-9E31-B1CC-552D22E4E7C6}"
EndProject
Project("{FAE04EC0-301F-11D3-BF4B-00C04F79EFBC}") = "Unity.2D.PixelPerfect", "Unity.2D.PixelPerfect.Player.csproj", "{EBB9BA66-A01A-B92D-7B79-4B2A3BCBC645}"
EndProject
Project("{FAE04EC0-301F-11D3-BF4B-00C04F79EFBC}") = "Unity.2D.Common.Runtime", "Unity.2D.Common.Runtime.Player.csproj", "{C7920D84-516D-D9CD-2135-10904EF8BDE7}"
EndProject
Project("{FAE04EC0-301F-11D3-BF4B-00C04F79EFBC}") = "Unity.InternalAPIEngineBridge.001", "Unity.InternalAPIEngineBridge.001.Player.csproj", "{7B09E45A-A42C-B8C3-0669-4A38FDC612D5}"
EndProject
Project("{FAE04EC0-301F-11D3-BF4B-00C04F79EFBC}") = "Assembly-CSharp", "Assembly-CSharp.Player.csproj", "{6840DADD-C76E-0A60-F8B7-E7C4FAF3A908}"
EndProject
Global
	GlobalSection(SolutionConfigurationPlatforms) = preSolution
		Debug|Any CPU = Debug|Any CPU
		Release|Any CPU = Release|Any CPU
	EndGlobalSection
	GlobalSection(ProjectConfigurationPlatforms) = postSolution
		{7CC2C5FA-D07F-8A85-C6DC-C4A53228764D}.Debug|Any CPU.ActiveCfg = Debug|Any CPU
		{7CC2C5FA-D07F-8A85-C6DC-C4A53228764D}.Debug|Any CPU.Build.0 = Debug|Any CPU
		{7CC2C5FA-D07F-8A85-C6DC-C4A53228764D}.Release|Any CPU.ActiveCfg = Release|Any CPU
		{7CC2C5FA-D07F-8A85-C6DC-C4A53228764D}.Release|Any CPU.Build.0 = Release|Any CPU
		{AA70E07E-A4FF-7A34-CF02-BAA936A33CA2}.Debug|Any CPU.ActiveCfg = Debug|Any CPU
		{AA70E07E-A4FF-7A34-CF02-BAA936A33CA2}.Debug|Any CPU.Build.0 = Debug|Any CPU
		{AA70E07E-A4FF-7A34-CF02-BAA936A33CA2}.Release|Any CPU.ActiveCfg = Release|Any CPU
		{AA70E07E-A4FF-7A34-CF02-BAA936A33CA2}.Release|Any CPU.Build.0 = Release|Any CPU
		{05E5C53B-8482-6C65-9CB4-CDB2EE3DAF66}.Debug|Any CPU.ActiveCfg = Debug|Any CPU
		{05E5C53B-8482-6C65-9CB4-CDB2EE3DAF66}.Debug|Any CPU.Build.0 = Debug|Any CPU
		{05E5C53B-8482-6C65-9CB4-CDB2EE3DAF66}.Release|Any CPU.ActiveCfg = Release|Any CPU
		{05E5C53B-8482-6C65-9CB4-CDB2EE3DAF66}.Release|Any CPU.Build.0 = Release|Any CPU
		{0F47EDA1-57F9-8BC0-0B52-75AAD27C8E65}.Debug|Any CPU.ActiveCfg = Debug|Any CPU
		{0F47EDA1-57F9-8BC0-0B52-75AAD27C8E65}.Debug|Any CPU.Build.0 = Debug|Any CPU
		{0F47EDA1-57F9-8BC0-0B52-75AAD27C8E65}.Release|Any CPU.ActiveCfg = Release|Any CPU
		{0F47EDA1-57F9-8BC0-0B52-75AAD27C8E65}.Release|Any CPU.Build.0 = Release|Any CPU
		{5D6454B8-E81A-89AA-E6C0-DD67BAC48A75}.Debug|Any CPU.ActiveCfg = Debug|Any CPU
		{5D6454B8-E81A-89AA-E6C0-DD67BAC48A75}.Debug|Any CPU.Build.0 = Debug|Any CPU
		{5D6454B8-E81A-89AA-E6C0-DD67BAC48A75}.Release|Any CPU.ActiveCfg = Release|Any CPU
		{5D6454B8-E81A-89AA-E6C0-DD67BAC48A75}.Release|Any CPU.Build.0 = Release|Any CPU
		{C0569D66-286D-49A9-6341-2D9E45A67BD9}.Debug|Any CPU.ActiveCfg = Debug|Any CPU
		{C0569D66-286D-49A9-6341-2D9E45A67BD9}.Debug|Any CPU.Build.0 = Debug|Any CPU
		{C0569D66-286D-49A9-6341-2D9E45A67BD9}.Release|Any CPU.ActiveCfg = Release|Any CPU
		{C0569D66-286D-49A9-6341-2D9E45A67BD9}.Release|Any CPU.Build.0 = Release|Any CPU
		{9121A43E-38FA-9C27-6D9A-8D1BD27F6D75}.Debug|Any CPU.ActiveCfg = Debug|Any CPU
		{9121A43E-38FA-9C27-6D9A-8D1BD27F6D75}.Debug|Any CPU.Build.0 = Debug|Any CPU
		{9121A43E-38FA-9C27-6D9A-8D1BD27F6D75}.Release|Any CPU.ActiveCfg = Release|Any CPU
		{9121A43E-38FA-9C27-6D9A-8D1BD27F6D75}.Release|Any CPU.Build.0 = Release|Any CPU
		{40FA4F6D-1F92-DF75-E5BA-87E3C4669DDD}.Debug|Any CPU.ActiveCfg = Debug|Any CPU
		{40FA4F6D-1F92-DF75-E5BA-87E3C4669DDD}.Debug|Any CPU.Build.0 = Debug|Any CPU
		{40FA4F6D-1F92-DF75-E5BA-87E3C4669DDD}.Release|Any CPU.ActiveCfg = Release|Any CPU
		{40FA4F6D-1F92-DF75-E5BA-87E3C4669DDD}.Release|Any CPU.Build.0 = Release|Any CPU
		{3BFBC8DF-5E09-2783-7959-ACDB5E4E1E35}.Debug|Any CPU.ActiveCfg = Debug|Any CPU
		{3BFBC8DF-5E09-2783-7959-ACDB5E4E1E35}.Debug|Any CPU.Build.0 = Debug|Any CPU
		{3BFBC8DF-5E09-2783-7959-ACDB5E4E1E35}.Release|Any CPU.ActiveCfg = Release|Any CPU
		{3BFBC8DF-5E09-2783-7959-ACDB5E4E1E35}.Release|Any CPU.Build.0 = Release|Any CPU
		{5DC76FC4-FC9C-F9C4-FCE2-E9F955E32A57}.Debug|Any CPU.ActiveCfg = Debug|Any CPU
		{5DC76FC4-FC9C-F9C4-FCE2-E9F955E32A57}.Debug|Any CPU.Build.0 = Debug|Any CPU
		{5DC76FC4-FC9C-F9C4-FCE2-E9F955E32A57}.Release|Any CPU.ActiveCfg = Release|Any CPU
		{5DC76FC4-FC9C-F9C4-FCE2-E9F955E32A57}.Release|Any CPU.Build.0 = Release|Any CPU
		{AD4D6648-0769-C699-B783-A749E6C050C0}.Debug|Any CPU.ActiveCfg = Debug|Any CPU
		{AD4D6648-0769-C699-B783-A749E6C050C0}.Debug|Any CPU.Build.0 = Debug|Any CPU
		{AD4D6648-0769-C699-B783-A749E6C050C0}.Release|Any CPU.ActiveCfg = Release|Any CPU
		{AD4D6648-0769-C699-B783-A749E6C050C0}.Release|Any CPU.Build.0 = Release|Any CPU
		{A4812E4C-3D82-2EE0-5FCF-0BB5979EA208}.Debug|Any CPU.ActiveCfg = Debug|Any CPU
		{A4812E4C-3D82-2EE0-5FCF-0BB5979EA208}.Debug|Any CPU.Build.0 = Debug|Any CPU
		{A4812E4C-3D82-2EE0-5FCF-0BB5979EA208}.Release|Any CPU.ActiveCfg = Release|Any CPU
		{A4812E4C-3D82-2EE0-5FCF-0BB5979EA208}.Release|Any CPU.Build.0 = Release|Any CPU
		{5B68CC26-14DE-2D10-33B5-C6B896E3B05D}.Debug|Any CPU.ActiveCfg = Debug|Any CPU
		{5B68CC26-14DE-2D10-33B5-C6B896E3B05D}.Debug|Any CPU.Build.0 = Debug|Any CPU
		{5B68CC26-14DE-2D10-33B5-C6B896E3B05D}.Release|Any CPU.ActiveCfg = Release|Any CPU
		{5B68CC26-14DE-2D10-33B5-C6B896E3B05D}.Release|Any CPU.Build.0 = Release|Any CPU
		{E881FBC6-E16B-F7A0-6DFC-0B32FBC7824E}.Debug|Any CPU.ActiveCfg = Debug|Any CPU
		{E881FBC6-E16B-F7A0-6DFC-0B32FBC7824E}.Debug|Any CPU.Build.0 = Debug|Any CPU
		{E881FBC6-E16B-F7A0-6DFC-0B32FBC7824E}.Release|Any CPU.ActiveCfg = Release|Any CPU
		{E881FBC6-E16B-F7A0-6DFC-0B32FBC7824E}.Release|Any CPU.Build.0 = Release|Any CPU
		{3549B56B-72E1-E8C2-CD14-73E8F37B037E}.Debug|Any CPU.ActiveCfg = Debug|Any CPU
		{3549B56B-72E1-E8C2-CD14-73E8F37B037E}.Debug|Any CPU.Build.0 = Debug|Any CPU
		{3549B56B-72E1-E8C2-CD14-73E8F37B037E}.Release|Any CPU.ActiveCfg = Release|Any CPU
		{3549B56B-72E1-E8C2-CD14-73E8F37B037E}.Release|Any CPU.Build.0 = Release|Any CPU
		{C6E2D349-307E-5C64-E726-48225B0C57D9}.Debug|Any CPU.ActiveCfg = Debug|Any CPU
		{C6E2D349-307E-5C64-E726-48225B0C57D9}.Debug|Any CPU.Build.0 = Debug|Any CPU
		{C6E2D349-307E-5C64-E726-48225B0C57D9}.Release|Any CPU.ActiveCfg = Release|Any CPU
		{C6E2D349-307E-5C64-E726-48225B0C57D9}.Release|Any CPU.Build.0 = Release|Any CPU
		{6F77324E-27FA-0A99-569F-BCF4A426BA11}.Debug|Any CPU.ActiveCfg = Debug|Any CPU
		{6F77324E-27FA-0A99-569F-BCF4A426BA11}.Debug|Any CPU.Build.0 = Debug|Any CPU
		{6F77324E-27FA-0A99-569F-BCF4A426BA11}.Release|Any CPU.ActiveCfg = Release|Any CPU
		{6F77324E-27FA-0A99-569F-BCF4A426BA11}.Release|Any CPU.Build.0 = Release|Any CPU
		{77E16DFF-FC0C-F4DE-9F79-F7208EF117B6}.Debug|Any CPU.ActiveCfg = Debug|Any CPU
		{77E16DFF-FC0C-F4DE-9F79-F7208EF117B6}.Debug|Any CPU.Build.0 = Debug|Any CPU
		{77E16DFF-FC0C-F4DE-9F79-F7208EF117B6}.Release|Any CPU.ActiveCfg = Release|Any CPU
		{77E16DFF-FC0C-F4DE-9F79-F7208EF117B6}.Release|Any CPU.Build.0 = Release|Any CPU
		{769DCB66-2F59-C9DA-1C8B-E250C73DE59C}.Debug|Any CPU.ActiveCfg = Debug|Any CPU
		{769DCB66-2F59-C9DA-1C8B-E250C73DE59C}.Debug|Any CPU.Build.0 = Debug|Any CPU
		{769DCB66-2F59-C9DA-1C8B-E250C73DE59C}.Release|Any CPU.ActiveCfg = Release|Any CPU
		{769DCB66-2F59-C9DA-1C8B-E250C73DE59C}.Release|Any CPU.Build.0 = Release|Any CPU
		{2F972539-6958-5274-DBED-5453F046FBB4}.Debug|Any CPU.ActiveCfg = Debug|Any CPU
		{2F972539-6958-5274-DBED-5453F046FBB4}.Debug|Any CPU.Build.0 = Debug|Any CPU
		{2F972539-6958-5274-DBED-5453F046FBB4}.Release|Any CPU.ActiveCfg = Release|Any CPU
		{2F972539-6958-5274-DBED-5453F046FBB4}.Release|Any CPU.Build.0 = Release|Any CPU
		{945EB7B6-0A2F-CD1A-98D2-1535BA1ED50C}.Debug|Any CPU.ActiveCfg = Debug|Any CPU
		{945EB7B6-0A2F-CD1A-98D2-1535BA1ED50C}.Debug|Any CPU.Build.0 = Debug|Any CPU
		{945EB7B6-0A2F-CD1A-98D2-1535BA1ED50C}.Release|Any CPU.ActiveCfg = Release|Any CPU
		{945EB7B6-0A2F-CD1A-98D2-1535BA1ED50C}.Release|Any CPU.Build.0 = Release|Any CPU
		{1C76810C-4C44-9262-8185-93B8690908B9}.Debug|Any CPU.ActiveCfg = Debug|Any CPU
		{1C76810C-4C44-9262-8185-93B8690908B9}.Debug|Any CPU.Build.0 = Debug|Any CPU
		{1C76810C-4C44-9262-8185-93B8690908B9}.Release|Any CPU.ActiveCfg = Release|Any CPU
		{1C76810C-4C44-9262-8185-93B8690908B9}.Release|Any CPU.Build.0 = Release|Any CPU
		{87619173-8C05-B6CA-9864-5D66F906A268}.Debug|Any CPU.ActiveCfg = Debug|Any CPU
		{87619173-8C05-B6CA-9864-5D66F906A268}.Debug|Any CPU.Build.0 = Debug|Any CPU
		{87619173-8C05-B6CA-9864-5D66F906A268}.Release|Any CPU.ActiveCfg = Release|Any CPU
		{87619173-8C05-B6CA-9864-5D66F906A268}.Release|Any CPU.Build.0 = Release|Any CPU
		{34AF1C6F-7312-FBD4-4E5B-AC0E9985B955}.Debug|Any CPU.ActiveCfg = Debug|Any CPU
		{34AF1C6F-7312-FBD4-4E5B-AC0E9985B955}.Debug|Any CPU.Build.0 = Debug|Any CPU
		{34AF1C6F-7312-FBD4-4E5B-AC0E9985B955}.Release|Any CPU.ActiveCfg = Release|Any CPU
		{34AF1C6F-7312-FBD4-4E5B-AC0E9985B955}.Release|Any CPU.Build.0 = Release|Any CPU
		{75BFED07-79E2-1A9E-FF66-397D4EEB0E62}.Debug|Any CPU.ActiveCfg = Debug|Any CPU
		{75BFED07-79E2-1A9E-FF66-397D4EEB0E62}.Debug|Any CPU.Build.0 = Debug|Any CPU
		{75BFED07-79E2-1A9E-FF66-397D4EEB0E62}.Release|Any CPU.ActiveCfg = Release|Any CPU
		{75BFED07-79E2-1A9E-FF66-397D4EEB0E62}.Release|Any CPU.Build.0 = Release|Any CPU
		{2AFBF1BD-9CDF-7BF4-8431-71FCF1F28FA8}.Debug|Any CPU.ActiveCfg = Debug|Any CPU
		{2AFBF1BD-9CDF-7BF4-8431-71FCF1F28FA8}.Debug|Any CPU.Build.0 = Debug|Any CPU
		{2AFBF1BD-9CDF-7BF4-8431-71FCF1F28FA8}.Release|Any CPU.ActiveCfg = Release|Any CPU
		{2AFBF1BD-9CDF-7BF4-8431-71FCF1F28FA8}.Release|Any CPU.Build.0 = Release|Any CPU
		{0FD36AB1-9942-FD17-F4E0-5F2CA7BBC230}.Debug|Any CPU.ActiveCfg = Debug|Any CPU
		{0FD36AB1-9942-FD17-F4E0-5F2CA7BBC230}.Debug|Any CPU.Build.0 = Debug|Any CPU
		{0FD36AB1-9942-FD17-F4E0-5F2CA7BBC230}.Release|Any CPU.ActiveCfg = Release|Any CPU
		{0FD36AB1-9942-FD17-F4E0-5F2CA7BBC230}.Release|Any CPU.Build.0 = Release|Any CPU
		{87C55DBB-3EA5-88CC-870E-074D2B8206DB}.Debug|Any CPU.ActiveCfg = Debug|Any CPU
		{87C55DBB-3EA5-88CC-870E-074D2B8206DB}.Debug|Any CPU.Build.0 = Debug|Any CPU
		{87C55DBB-3EA5-88CC-870E-074D2B8206DB}.Release|Any CPU.ActiveCfg = Release|Any CPU
		{87C55DBB-3EA5-88CC-870E-074D2B8206DB}.Release|Any CPU.Build.0 = Release|Any CPU
		{E0B6BDC0-CCDB-58C0-2C8C-389176D3551D}.Debug|Any CPU.ActiveCfg = Debug|Any CPU
		{E0B6BDC0-CCDB-58C0-2C8C-389176D3551D}.Debug|Any CPU.Build.0 = Debug|Any CPU
		{E0B6BDC0-CCDB-58C0-2C8C-389176D3551D}.Release|Any CPU.ActiveCfg = Release|Any CPU
		{E0B6BDC0-CCDB-58C0-2C8C-389176D3551D}.Release|Any CPU.Build.0 = Release|Any CPU
		{193B6418-D6EF-68AA-9F43-51BBD77C86C1}.Debug|Any CPU.ActiveCfg = Debug|Any CPU
		{193B6418-D6EF-68AA-9F43-51BBD77C86C1}.Debug|Any CPU.Build.0 = Debug|Any CPU
		{193B6418-D6EF-68AA-9F43-51BBD77C86C1}.Release|Any CPU.ActiveCfg = Release|Any CPU
		{193B6418-D6EF-68AA-9F43-51BBD77C86C1}.Release|Any CPU.Build.0 = Release|Any CPU
		{DABA33CF-9C3C-30FB-BD80-E88D8206453C}.Debug|Any CPU.ActiveCfg = Debug|Any CPU
		{DABA33CF-9C3C-30FB-BD80-E88D8206453C}.Debug|Any CPU.Build.0 = Debug|Any CPU
		{DABA33CF-9C3C-30FB-BD80-E88D8206453C}.Release|Any CPU.ActiveCfg = Release|Any CPU
		{DABA33CF-9C3C-30FB-BD80-E88D8206453C}.Release|Any CPU.Build.0 = Release|Any CPU
		{29CD0029-F3BB-2802-A3AB-557BC65B7802}.Debug|Any CPU.ActiveCfg = Debug|Any CPU
		{29CD0029-F3BB-2802-A3AB-557BC65B7802}.Debug|Any CPU.Build.0 = Debug|Any CPU
		{29CD0029-F3BB-2802-A3AB-557BC65B7802}.Release|Any CPU.ActiveCfg = Release|Any CPU
		{29CD0029-F3BB-2802-A3AB-557BC65B7802}.Release|Any CPU.Build.0 = Release|Any CPU
		{CFCEED0B-44BD-77FD-259F-5216536285A4}.Debug|Any CPU.ActiveCfg = Debug|Any CPU
		{CFCEED0B-44BD-77FD-259F-5216536285A4}.Debug|Any CPU.Build.0 = Debug|Any CPU
		{CFCEED0B-44BD-77FD-259F-5216536285A4}.Release|Any CPU.ActiveCfg = Release|Any CPU
		{CFCEED0B-44BD-77FD-259F-5216536285A4}.Release|Any CPU.Build.0 = Release|Any CPU
		{086BC435-89A5-B228-16F1-401683099410}.Debug|Any CPU.ActiveCfg = Debug|Any CPU
		{086BC435-89A5-B228-16F1-401683099410}.Debug|Any CPU.Build.0 = Debug|Any CPU
		{086BC435-89A5-B228-16F1-401683099410}.Release|Any CPU.ActiveCfg = Release|Any CPU
		{086BC435-89A5-B228-16F1-401683099410}.Release|Any CPU.Build.0 = Release|Any CPU
		{189C72C0-A6BD-AE30-F61F-4A704C21ED6E}.Debug|Any CPU.ActiveCfg = Debug|Any CPU
		{189C72C0-A6BD-AE30-F61F-4A704C21ED6E}.Debug|Any CPU.Build.0 = Debug|Any CPU
		{189C72C0-A6BD-AE30-F61F-4A704C21ED6E}.Release|Any CPU.ActiveCfg = Release|Any CPU
		{189C72C0-A6BD-AE30-F61F-4A704C21ED6E}.Release|Any CPU.Build.0 = Release|Any CPU
		{D6BCE16D-2E9D-78E8-B3F0-9B15B569D817}.Debug|Any CPU.ActiveCfg = Debug|Any CPU
		{D6BCE16D-2E9D-78E8-B3F0-9B15B569D817}.Debug|Any CPU.Build.0 = Debug|Any CPU
		{D6BCE16D-2E9D-78E8-B3F0-9B15B569D817}.Release|Any CPU.ActiveCfg = Release|Any CPU
		{D6BCE16D-2E9D-78E8-B3F0-9B15B569D817}.Release|Any CPU.Build.0 = Release|Any CPU
		{530420FF-ECEE-C209-292E-A3EC7B5FF2DF}.Debug|Any CPU.ActiveCfg = Debug|Any CPU
		{530420FF-ECEE-C209-292E-A3EC7B5FF2DF}.Debug|Any CPU.Build.0 = Debug|Any CPU
		{530420FF-ECEE-C209-292E-A3EC7B5FF2DF}.Release|Any CPU.ActiveCfg = Release|Any CPU
		{530420FF-ECEE-C209-292E-A3EC7B5FF2DF}.Release|Any CPU.Build.0 = Release|Any CPU
		{AA3F1D01-8626-21AA-3AD8-82C455CB5607}.Debug|Any CPU.ActiveCfg = Debug|Any CPU
		{AA3F1D01-8626-21AA-3AD8-82C455CB5607}.Debug|Any CPU.Build.0 = Debug|Any CPU
		{AA3F1D01-8626-21AA-3AD8-82C455CB5607}.Release|Any CPU.ActiveCfg = Release|Any CPU
		{AA3F1D01-8626-21AA-3AD8-82C455CB5607}.Release|Any CPU.Build.0 = Release|Any CPU
		{8BDA3CF9-5824-1B58-D0E7-E27E4163C307}.Debug|Any CPU.ActiveCfg = Debug|Any CPU
		{8BDA3CF9-5824-1B58-D0E7-E27E4163C307}.Debug|Any CPU.Build.0 = Debug|Any CPU
		{8BDA3CF9-5824-1B58-D0E7-E27E4163C307}.Release|Any CPU.ActiveCfg = Release|Any CPU
		{8BDA3CF9-5824-1B58-D0E7-E27E4163C307}.Release|Any CPU.Build.0 = Release|Any CPU
		{04FC145E-6951-07D6-BB4A-A1FEF02ED03A}.Debug|Any CPU.ActiveCfg = Debug|Any CPU
		{04FC145E-6951-07D6-BB4A-A1FEF02ED03A}.Debug|Any CPU.Build.0 = Debug|Any CPU
		{04FC145E-6951-07D6-BB4A-A1FEF02ED03A}.Release|Any CPU.ActiveCfg = Release|Any CPU
		{04FC145E-6951-07D6-BB4A-A1FEF02ED03A}.Release|Any CPU.Build.0 = Release|Any CPU
		{7DD73CC5-A2BA-663C-D5E8-28327322A4BC}.Debug|Any CPU.ActiveCfg = Debug|Any CPU
		{7DD73CC5-A2BA-663C-D5E8-28327322A4BC}.Debug|Any CPU.Build.0 = Debug|Any CPU
		{7DD73CC5-A2BA-663C-D5E8-28327322A4BC}.Release|Any CPU.ActiveCfg = Release|Any CPU
		{7DD73CC5-A2BA-663C-D5E8-28327322A4BC}.Release|Any CPU.Build.0 = Release|Any CPU
		{A04C9C56-E578-9E31-B1CC-552D22E4E7C6}.Debug|Any CPU.ActiveCfg = Debug|Any CPU
		{A04C9C56-E578-9E31-B1CC-552D22E4E7C6}.Debug|Any CPU.Build.0 = Debug|Any CPU
		{A04C9C56-E578-9E31-B1CC-552D22E4E7C6}.Release|Any CPU.ActiveCfg = Release|Any CPU
		{A04C9C56-E578-9E31-B1CC-552D22E4E7C6}.Release|Any CPU.Build.0 = Release|Any CPU
		{EBB9BA66-A01A-B92D-7B79-4B2A3BCBC645}.Debug|Any CPU.ActiveCfg = Debug|Any CPU
		{EBB9BA66-A01A-B92D-7B79-4B2A3BCBC645}.Debug|Any CPU.Build.0 = Debug|Any CPU
		{EBB9BA66-A01A-B92D-7B79-4B2A3BCBC645}.Release|Any CPU.ActiveCfg = Release|Any CPU
		{EBB9BA66-A01A-B92D-7B79-4B2A3BCBC645}.Release|Any CPU.Build.0 = Release|Any CPU
		{C7920D84-516D-D9CD-2135-10904EF8BDE7}.Debug|Any CPU.ActiveCfg = Debug|Any CPU
		{C7920D84-516D-D9CD-2135-10904EF8BDE7}.Debug|Any CPU.Build.0 = Debug|Any CPU
		{C7920D84-516D-D9CD-2135-10904EF8BDE7}.Release|Any CPU.ActiveCfg = Release|Any CPU
		{C7920D84-516D-D9CD-2135-10904EF8BDE7}.Release|Any CPU.Build.0 = Release|Any CPU
		{7B09E45A-A42C-B8C3-0669-4A38FDC612D5}.Debug|Any CPU.ActiveCfg = Debug|Any CPU
		{7B09E45A-A42C-B8C3-0669-4A38FDC612D5}.Debug|Any CPU.Build.0 = Debug|Any CPU
		{7B09E45A-A42C-B8C3-0669-4A38FDC612D5}.Release|Any CPU.ActiveCfg = Release|Any CPU
		{7B09E45A-A42C-B8C3-0669-4A38FDC612D5}.Release|Any CPU.Build.0 = Release|Any CPU
		{6840DADD-C76E-0A60-F8B7-E7C4FAF3A908}.Debug|Any CPU.ActiveCfg = Debug|Any CPU
		{6840DADD-C76E-0A60-F8B7-E7C4FAF3A908}.Debug|Any CPU.Build.0 = Debug|Any CPU
		{6840DADD-C76E-0A60-F8B7-E7C4FAF3A908}.Release|Any CPU.ActiveCfg = Release|Any CPU
		{6840DADD-C76E-0A60-F8B7-E7C4FAF3A908}.Release|Any CPU.Build.0 = Release|Any CPU
	EndGlobalSection
	GlobalSection(SolutionProperties) = preSolution
		HideSolutionNode = FALSE
	EndGlobalSection
EndGlobal
