
Microsoft Visual Studio Solution File, Format Version 12.00
# Visual Studio 15
Project("{FAE04EC0-301F-11D3-BF4B-00C04F79EFBC}") = "UnityEngine.TestRunner", "UnityEngine.TestRunner.csproj", "{0ABDD0CB-FA41-A63B-DC84-46804660A2C8}"
EndProject
Project("{FAE04EC0-301F-11D3-BF4B-00C04F79EFBC}") = "Unity.Mathematics", "Unity.Mathematics.csproj", "{A20033B8-A9B1-4616-0814-E0D449D83972}"
EndProject
Project("{FAE04EC0-301F-11D3-BF4B-00C04F79EFBC}") = "Unity.2D.Animation.Triangle.Runtime", "Unity.2D.Animation.Triangle.Runtime.csproj", "{15836AB8-07F2-2D73-5235-2FEFF87564CB}"
EndProject
Project("{FAE04EC0-301F-11D3-BF4B-00C04F79EFBC}") = "Unity.Timeline", "Unity.Timeline.csproj", "{B451F2E4-E67B-2489-FA76-0D1B019FD958}"
EndProject
Project("{FAE04EC0-301F-11D3-BF4B-00C04F79EFBC}") = "UnityEngine.UI", "UnityEngine.UI.csproj", "{E30EBEF5-F65B-4C7A-E7CC-CDCDDB10C6F3}"
EndProject
Project("{FAE04EC0-301F-11D3-BF4B-00C04F79EFBC}") = "Unity.TextMeshPro", "Unity.TextMeshPro.csproj", "{4167FB0A-7FD1-57CE-9E76-F9CE6A83CD3E}"
EndProject
Project("{FAE04EC0-301F-11D3-BF4B-00C04F79EFBC}") = "Unity.2D.Animation.Runtime", "Unity.2D.Animation.Runtime.csproj", "{1B36637F-A18E-DEF9-BB61-699B4823ADEA}"
EndProject
Project("{FAE04EC0-301F-11D3-BF4B-00C04F79EFBC}") = "Unity.2D.IK.Runtime", "Unity.2D.IK.Runtime.csproj", "{72F411FE-0392-ACE9-3BB9-88DCF52C00E6}"
EndProject
Project("{FAE04EC0-301F-11D3-BF4B-00C04F79EFBC}") = "Unity.2D.SpriteShape.Runtime", "Unity.2D.SpriteShape.Runtime.csproj", "{D1052FE9-EB20-9C6E-A044-DFF7DA842125}"
EndProject
Project("{FAE04EC0-301F-11D3-BF4B-00C04F79EFBC}") = "Unity.2D.PixelPerfect", "Unity.2D.PixelPerfect.csproj", "{6F9EB106-7766-9799-DEC3-AE6743814D2A}"
EndProject
Project("{FAE04EC0-301F-11D3-BF4B-00C04F79EFBC}") = "Unity.2D.Common.Runtime", "Unity.2D.Common.Runtime.csproj", "{56B61845-195D-1F49-3FDF-AB2D01F88175}"
EndProject
Project("{FAE04EC0-301F-11D3-BF4B-00C04F79EFBC}") = "Unity.InternalAPIEngineBridge.001", "Unity.InternalAPIEngineBridge.001.csproj", "{1DEBD2E9-650E-21C9-4C1D-6489363E48DE}"
EndProject
Project("{FAE04EC0-301F-11D3-BF4B-00C04F79EFBC}") = "Assembly-CSharp", "Assembly-CSharp.csproj", "{7C7581BC-71DF-6D4A-6A49-C5E29AA628B8}"
EndProject
Project("{FAE04EC0-301F-11D3-BF4B-00C04F79EFBC}") = "UnityEditor.TestRunner", "UnityEditor.TestRunner.csproj", "{DF24D9A7-7C36-2CC4-AC7E-19C9DBD9EE24}"
EndProject
Project("{FAE04EC0-301F-11D3-BF4B-00C04F79EFBC}") = "UnityEditor.UI", "UnityEditor.UI.csproj", "{8A686AC0-BC78-6257-D4A3-818466B5137A}"
EndProject
Project("{FAE04EC0-301F-11D3-BF4B-00C04F79EFBC}") = "Unity.Timeline.Editor", "Unity.Timeline.Editor.csproj", "{DA1B184C-7E13-6366-E9BE-0B6C3D04F36E}"
EndProject
Project("{FAE04EC0-301F-11D3-BF4B-00C04F79EFBC}") = "Unity.VisualStudio.Editor", "Unity.VisualStudio.Editor.csproj", "{E5955711-E979-61B2-35CA-0DC3438AECD1}"
EndProject
Project("{FAE04EC0-301F-11D3-BF4B-00C04F79EFBC}") = "Unity.2D.Psdimporter.Editor", "Unity.2D.Psdimporter.Editor.csproj", "{1BC44492-83A6-9D22-A444-5D289AC3E978}"
EndProject
Project("{FAE04EC0-301F-11D3-BF4B-00C04F79EFBC}") = "Unity.2D.Animation.Editor", "Unity.2D.Animation.Editor.csproj", "{E7842864-09E9-2D4E-BA7D-3EE4C6F75143}"
EndProject
Project("{FAE04EC0-301F-11D3-BF4B-00C04F79EFBC}") = "Unity.TextMeshPro.Editor", "Unity.TextMeshPro.Editor.csproj", "{BA2CF8D3-D30E-CF63-8764-1758426576E7}"
EndProject
Project("{FAE04EC0-301F-11D3-BF4B-00C04F79EFBC}") = "Unity.2D.SpriteShape.Editor", "Unity.2D.SpriteShape.Editor.csproj", "{5425F081-BA70-A4D3-A9CC-4FFC45D61A4E}"
EndProject
Project("{FAE04EC0-301F-11D3-BF4B-00C04F79EFBC}") = "Unity.CollabProxy.Editor", "Unity.CollabProxy.Editor.csproj", "{F4A9AD60-0DCE-F3B4-2C33-5BD741859B14}"
EndProject
Project("{FAE04EC0-301F-11D3-BF4B-00C04F79EFBC}") = "PsdPlugin", "PsdPlugin.csproj", "{84DB1797-B2BA-2504-32B9-2AD8849548FE}"
EndProject
Project("{FAE04EC0-301F-11D3-BF4B-00C04F79EFBC}") = "Unity.2D.Path.Editor", "Unity.2D.Path.Editor.csproj", "{BCF28408-28D7-A584-6766-578311991F28}"
EndProject
Project("{FAE04EC0-301F-11D3-BF4B-00C04F79EFBC}") = "Unity.Rider.Editor", "Unity.Rider.Editor.csproj", "{05221633-1208-D583-30AE-9295EC8563BC}"
EndProject
Project("{FAE04EC0-301F-11D3-BF4B-00C04F79EFBC}") = "Unity.2D.IK.Editor", "Unity.2D.IK.Editor.csproj", "{B410EE8F-43F7-FF14-8958-24D2A7078C0B}"
EndProject
Project("{FAE04EC0-301F-11D3-BF4B-00C04F79EFBC}") = "Unity.2D.Sprite.Editor", "Unity.2D.Sprite.Editor.csproj", "{0C2A1B92-04E7-B71C-C36B-5B996EE11375}"
EndProject
Project("{FAE04EC0-301F-11D3-BF4B-00C04F79EFBC}") = "Unity.2D.Tilemap.Editor", "Unity.2D.Tilemap.Editor.csproj", "{6BD54644-BCA4-CA57-3A8C-0F6A070CAFE0}"
EndProject
Project("{FAE04EC0-301F-11D3-BF4B-00C04F79EFBC}") = "Unity.2D.PixelPerfect.Editor", "Unity.2D.PixelPerfect.Editor.csproj", "{211BDBD6-D4DA-9055-3DDC-4E1FF3B87FB8}"
EndProject
Project("{FAE04EC0-301F-11D3-BF4B-00C04F79EFBC}") = "Unity.VSCode.Editor", "Unity.VSCode.Editor.csproj", "{B1E1B743-150A-1CA9-F93A-470A104D924E}"
EndProject
Project("{FAE04EC0-301F-11D3-BF4B-00C04F79EFBC}") = "Unity.2D.Common.Editor", "Unity.2D.Common.Editor.csproj", "{CC7718B7-DE84-3F8B-7244-3A5F91CC372B}"
EndProject
Project("{FAE04EC0-301F-11D3-BF4B-00C04F79EFBC}") = "Unity.Mathematics.Editor", "Unity.Mathematics.Editor.csproj", "{E189DFB8-4E35-F3B3-1593-16DF93487860}"
EndProject
Project("{FAE04EC0-301F-11D3-BF4B-00C04F79EFBC}") = "Unity.InternalAPIEditorBridge.001", "Unity.InternalAPIEditorBridge.001.csproj", "{FBE021BB-540F-3948-F85C-BCF04E83C3F1}"
EndProject
Project("{FAE04EC0-301F-11D3-BF4B-00C04F79EFBC}") = "UnityEngine.TestRunner", "UnityEngine.TestRunner.Player.csproj", "{B198638E-A39F-835D-803A-F4179710758D}"
EndProject
Project("{FAE04EC0-301F-11D3-BF4B-00C04F79EFBC}") = "Unity.Mathematics", "Unity.Mathematics.Player.csproj", "{C7CF3C00-DA60-5ECE-AAD0-1C7BB28B64A0}"
EndProject
Project("{FAE04EC0-301F-11D3-BF4B-00C04F79EFBC}") = "Unity.2D.Animation.Triangle.Runtime", "Unity.2D.Animation.Triangle.Runtime.Player.csproj", "{FD1509A9-649F-246F-E77D-32F27E6B1D38}"
EndProject
Project("{FAE04EC0-301F-11D3-BF4B-00C04F79EFBC}") = "Unity.Timeline", "Unity.Timeline.Player.csproj", "{D3726A7B-C28D-CFBB-2B57-62E9E2C1F6D3}"
EndProject
Project("{FAE04EC0-301F-11D3-BF4B-00C04F79EFBC}") = "UnityEngine.UI", "UnityEngine.UI.Player.csproj", "{4CE36B87-557E-DAB6-F945-04CF1458A8D9}"
EndProject
Project("{FAE04EC0-301F-11D3-BF4B-00C04F79EFBC}") = "Unity.TextMeshPro", "Unity.TextMeshPro.Player.csproj", "{EFF1E869-16AD-FEA4-6B80-9AB69DB41BDE}"
EndProject
Project("{FAE04EC0-301F-11D3-BF4B-00C04F79EFBC}") = "Unity.2D.Animation.Runtime", "Unity.2D.Animation.Runtime.Player.csproj", "{7BDA89C7-4EEE-70E7-D653-AA6E19E5EB61}"
EndProject
Project("{FAE04EC0-301F-11D3-BF4B-00C04F79EFBC}") = "Unity.2D.IK.Runtime", "Unity.2D.IK.Runtime.Player.csproj", "{BF99713C-E092-45ED-4DF6-0C496D86F69C}"
EndProject
Project("{FAE04EC0-301F-11D3-BF4B-00C04F79EFBC}") = "Unity.2D.SpriteShape.Runtime", "Unity.2D.SpriteShape.Runtime.Player.csproj", "{D9AA6FB6-331F-8D54-4F30-AABCBA0C0D43}"
EndProject
Project("{FAE04EC0-301F-11D3-BF4B-00C04F79EFBC}") = "Unity.2D.PixelPerfect", "Unity.2D.PixelPerfect.Player.csproj", "{97A3DDBA-7F66-AFF3-01B2-78E40DA71151}"
EndProject
Project("{FAE04EC0-301F-11D3-BF4B-00C04F79EFBC}") = "Unity.2D.Common.Runtime", "Unity.2D.Common.Runtime.Player.csproj", "{F50CDF69-1C8E-B45B-B43F-36E0F84E34EB}"
EndProject
Project("{FAE04EC0-301F-11D3-BF4B-00C04F79EFBC}") = "Unity.InternalAPIEngineBridge.001", "Unity.InternalAPIEngineBridge.001.Player.csproj", "{A385E8A6-B70F-3E24-A3C7-92C7DC1B90B3}"
EndProject
Project("{FAE04EC0-301F-11D3-BF4B-00C04F79EFBC}") = "Assembly-CSharp", "Assembly-CSharp.Player.csproj", "{641AF804-28BC-FB1D-5E1B-80C9F4954C9D}"
EndProject
Global
	GlobalSection(SolutionConfigurationPlatforms) = preSolution
		Debug|Any CPU = Debug|Any CPU
		Release|Any CPU = Release|Any CPU
	EndGlobalSection
	GlobalSection(ProjectConfigurationPlatforms) = postSolution
		{0ABDD0CB-FA41-A63B-DC84-46804660A2C8}.Debug|Any CPU.ActiveCfg = Debug|Any CPU
		{0ABDD0CB-FA41-A63B-DC84-46804660A2C8}.Debug|Any CPU.Build.0 = Debug|Any CPU
		{0ABDD0CB-FA41-A63B-DC84-46804660A2C8}.Release|Any CPU.ActiveCfg = Release|Any CPU
		{0ABDD0CB-FA41-A63B-DC84-46804660A2C8}.Release|Any CPU.Build.0 = Release|Any CPU
		{A20033B8-A9B1-4616-0814-E0D449D83972}.Debug|Any CPU.ActiveCfg = Debug|Any CPU
		{A20033B8-A9B1-4616-0814-E0D449D83972}.Debug|Any CPU.Build.0 = Debug|Any CPU
		{A20033B8-A9B1-4616-0814-E0D449D83972}.Release|Any CPU.ActiveCfg = Release|Any CPU
		{A20033B8-A9B1-4616-0814-E0D449D83972}.Release|Any CPU.Build.0 = Release|Any CPU
		{15836AB8-07F2-2D73-5235-2FEFF87564CB}.Debug|Any CPU.ActiveCfg = Debug|Any CPU
		{15836AB8-07F2-2D73-5235-2FEFF87564CB}.Debug|Any CPU.Build.0 = Debug|Any CPU
		{15836AB8-07F2-2D73-5235-2FEFF87564CB}.Release|Any CPU.ActiveCfg = Release|Any CPU
		{15836AB8-07F2-2D73-5235-2FEFF87564CB}.Release|Any CPU.Build.0 = Release|Any CPU
		{B451F2E4-E67B-2489-FA76-0D1B019FD958}.Debug|Any CPU.ActiveCfg = Debug|Any CPU
		{B451F2E4-E67B-2489-FA76-0D1B019FD958}.Debug|Any CPU.Build.0 = Debug|Any CPU
		{B451F2E4-E67B-2489-FA76-0D1B019FD958}.Release|Any CPU.ActiveCfg = Release|Any CPU
		{B451F2E4-E67B-2489-FA76-0D1B019FD958}.Release|Any CPU.Build.0 = Release|Any CPU
		{E30EBEF5-F65B-4C7A-E7CC-CDCDDB10C6F3}.Debug|Any CPU.ActiveCfg = Debug|Any CPU
		{E30EBEF5-F65B-4C7A-E7CC-CDCDDB10C6F3}.Debug|Any CPU.Build.0 = Debug|Any CPU
		{E30EBEF5-F65B-4C7A-E7CC-CDCDDB10C6F3}.Release|Any CPU.ActiveCfg = Release|Any CPU
		{E30EBEF5-F65B-4C7A-E7CC-CDCDDB10C6F3}.Release|Any CPU.Build.0 = Release|Any CPU
		{4167FB0A-7FD1-57CE-9E76-F9CE6A83CD3E}.Debug|Any CPU.ActiveCfg = Debug|Any CPU
		{4167FB0A-7FD1-57CE-9E76-F9CE6A83CD3E}.Debug|Any CPU.Build.0 = Debug|Any CPU
		{4167FB0A-7FD1-57CE-9E76-F9CE6A83CD3E}.Release|Any CPU.ActiveCfg = Release|Any CPU
		{4167FB0A-7FD1-57CE-9E76-F9CE6A83CD3E}.Release|Any CPU.Build.0 = Release|Any CPU
		{1B36637F-A18E-DEF9-BB61-699B4823ADEA}.Debug|Any CPU.ActiveCfg = Debug|Any CPU
		{1B36637F-A18E-DEF9-BB61-699B4823ADEA}.Debug|Any CPU.Build.0 = Debug|Any CPU
		{1B36637F-A18E-DEF9-BB61-699B4823ADEA}.Release|Any CPU.ActiveCfg = Release|Any CPU
		{1B36637F-A18E-DEF9-BB61-699B4823ADEA}.Release|Any CPU.Build.0 = Release|Any CPU
		{72F411FE-0392-ACE9-3BB9-88DCF52C00E6}.Debug|Any CPU.ActiveCfg = Debug|Any CPU
		{72F411FE-0392-ACE9-3BB9-88DCF52C00E6}.Debug|Any CPU.Build.0 = Debug|Any CPU
		{72F411FE-0392-ACE9-3BB9-88DCF52C00E6}.Release|Any CPU.ActiveCfg = Release|Any CPU
		{72F411FE-0392-ACE9-3BB9-88DCF52C00E6}.Release|Any CPU.Build.0 = Release|Any CPU
		{D1052FE9-EB20-9C6E-A044-DFF7DA842125}.Debug|Any CPU.ActiveCfg = Debug|Any CPU
		{D1052FE9-EB20-9C6E-A044-DFF7DA842125}.Debug|Any CPU.Build.0 = Debug|Any CPU
		{D1052FE9-EB20-9C6E-A044-DFF7DA842125}.Release|Any CPU.ActiveCfg = Release|Any CPU
		{D1052FE9-EB20-9C6E-A044-DFF7DA842125}.Release|Any CPU.Build.0 = Release|Any CPU
		{6F9EB106-7766-9799-DEC3-AE6743814D2A}.Debug|Any CPU.ActiveCfg = Debug|Any CPU
		{6F9EB106-7766-9799-DEC3-AE6743814D2A}.Debug|Any CPU.Build.0 = Debug|Any CPU
		{6F9EB106-7766-9799-DEC3-AE6743814D2A}.Release|Any CPU.ActiveCfg = Release|Any CPU
		{6F9EB106-7766-9799-DEC3-AE6743814D2A}.Release|Any CPU.Build.0 = Release|Any CPU
		{56B61845-195D-1F49-3FDF-AB2D01F88175}.Debug|Any CPU.ActiveCfg = Debug|Any CPU
		{56B61845-195D-1F49-3FDF-AB2D01F88175}.Debug|Any CPU.Build.0 = Debug|Any CPU
		{56B61845-195D-1F49-3FDF-AB2D01F88175}.Release|Any CPU.ActiveCfg = Release|Any CPU
		{56B61845-195D-1F49-3FDF-AB2D01F88175}.Release|Any CPU.Build.0 = Release|Any CPU
		{1DEBD2E9-650E-21C9-4C1D-6489363E48DE}.Debug|Any CPU.ActiveCfg = Debug|Any CPU
		{1DEBD2E9-650E-21C9-4C1D-6489363E48DE}.Debug|Any CPU.Build.0 = Debug|Any CPU
		{1DEBD2E9-650E-21C9-4C1D-6489363E48DE}.Release|Any CPU.ActiveCfg = Release|Any CPU
		{1DEBD2E9-650E-21C9-4C1D-6489363E48DE}.Release|Any CPU.Build.0 = Release|Any CPU
		{7C7581BC-71DF-6D4A-6A49-C5E29AA628B8}.Debug|Any CPU.ActiveCfg = Debug|Any CPU
		{7C7581BC-71DF-6D4A-6A49-C5E29AA628B8}.Debug|Any CPU.Build.0 = Debug|Any CPU
		{7C7581BC-71DF-6D4A-6A49-C5E29AA628B8}.Release|Any CPU.ActiveCfg = Release|Any CPU
		{7C7581BC-71DF-6D4A-6A49-C5E29AA628B8}.Release|Any CPU.Build.0 = Release|Any CPU
		{DF24D9A7-7C36-2CC4-AC7E-19C9DBD9EE24}.Debug|Any CPU.ActiveCfg = Debug|Any CPU
		{DF24D9A7-7C36-2CC4-AC7E-19C9DBD9EE24}.Debug|Any CPU.Build.0 = Debug|Any CPU
		{DF24D9A7-7C36-2CC4-AC7E-19C9DBD9EE24}.Release|Any CPU.ActiveCfg = Release|Any CPU
		{DF24D9A7-7C36-2CC4-AC7E-19C9DBD9EE24}.Release|Any CPU.Build.0 = Release|Any CPU
		{8A686AC0-BC78-6257-D4A3-818466B5137A}.Debug|Any CPU.ActiveCfg = Debug|Any CPU
		{8A686AC0-BC78-6257-D4A3-818466B5137A}.Debug|Any CPU.Build.0 = Debug|Any CPU
		{8A686AC0-BC78-6257-D4A3-818466B5137A}.Release|Any CPU.ActiveCfg = Release|Any CPU
		{8A686AC0-BC78-6257-D4A3-818466B5137A}.Release|Any CPU.Build.0 = Release|Any CPU
		{DA1B184C-7E13-6366-E9BE-0B6C3D04F36E}.Debug|Any CPU.ActiveCfg = Debug|Any CPU
		{DA1B184C-7E13-6366-E9BE-0B6C3D04F36E}.Debug|Any CPU.Build.0 = Debug|Any CPU
		{DA1B184C-7E13-6366-E9BE-0B6C3D04F36E}.Release|Any CPU.ActiveCfg = Release|Any CPU
		{DA1B184C-7E13-6366-E9BE-0B6C3D04F36E}.Release|Any CPU.Build.0 = Release|Any CPU
		{E5955711-E979-61B2-35CA-0DC3438AECD1}.Debug|Any CPU.ActiveCfg = Debug|Any CPU
		{E5955711-E979-61B2-35CA-0DC3438AECD1}.Debug|Any CPU.Build.0 = Debug|Any CPU
		{E5955711-E979-61B2-35CA-0DC3438AECD1}.Release|Any CPU.ActiveCfg = Release|Any CPU
		{E5955711-E979-61B2-35CA-0DC3438AECD1}.Release|Any CPU.Build.0 = Release|Any CPU
		{1BC44492-83A6-9D22-A444-5D289AC3E978}.Debug|Any CPU.ActiveCfg = Debug|Any CPU
		{1BC44492-83A6-9D22-A444-5D289AC3E978}.Debug|Any CPU.Build.0 = Debug|Any CPU
		{1BC44492-83A6-9D22-A444-5D289AC3E978}.Release|Any CPU.ActiveCfg = Release|Any CPU
		{1BC44492-83A6-9D22-A444-5D289AC3E978}.Release|Any CPU.Build.0 = Release|Any CPU
		{E7842864-09E9-2D4E-BA7D-3EE4C6F75143}.Debug|Any CPU.ActiveCfg = Debug|Any CPU
		{E7842864-09E9-2D4E-BA7D-3EE4C6F75143}.Debug|Any CPU.Build.0 = Debug|Any CPU
		{E7842864-09E9-2D4E-BA7D-3EE4C6F75143}.Release|Any CPU.ActiveCfg = Release|Any CPU
		{E7842864-09E9-2D4E-BA7D-3EE4C6F75143}.Release|Any CPU.Build.0 = Release|Any CPU
		{BA2CF8D3-D30E-CF63-8764-1758426576E7}.Debug|Any CPU.ActiveCfg = Debug|Any CPU
		{BA2CF8D3-D30E-CF63-8764-1758426576E7}.Debug|Any CPU.Build.0 = Debug|Any CPU
		{BA2CF8D3-D30E-CF63-8764-1758426576E7}.Release|Any CPU.ActiveCfg = Release|Any CPU
		{BA2CF8D3-D30E-CF63-8764-1758426576E7}.Release|Any CPU.Build.0 = Release|Any CPU
		{5425F081-BA70-A4D3-A9CC-4FFC45D61A4E}.Debug|Any CPU.ActiveCfg = Debug|Any CPU
		{5425F081-BA70-A4D3-A9CC-4FFC45D61A4E}.Debug|Any CPU.Build.0 = Debug|Any CPU
		{5425F081-BA70-A4D3-A9CC-4FFC45D61A4E}.Release|Any CPU.ActiveCfg = Release|Any CPU
		{5425F081-BA70-A4D3-A9CC-4FFC45D61A4E}.Release|Any CPU.Build.0 = Release|Any CPU
		{F4A9AD60-0DCE-F3B4-2C33-5BD741859B14}.Debug|Any CPU.ActiveCfg = Debug|Any CPU
		{F4A9AD60-0DCE-F3B4-2C33-5BD741859B14}.Debug|Any CPU.Build.0 = Debug|Any CPU
		{F4A9AD60-0DCE-F3B4-2C33-5BD741859B14}.Release|Any CPU.ActiveCfg = Release|Any CPU
		{F4A9AD60-0DCE-F3B4-2C33-5BD741859B14}.Release|Any CPU.Build.0 = Release|Any CPU
		{84DB1797-B2BA-2504-32B9-2AD8849548FE}.Debug|Any CPU.ActiveCfg = Debug|Any CPU
		{84DB1797-B2BA-2504-32B9-2AD8849548FE}.Debug|Any CPU.Build.0 = Debug|Any CPU
		{84DB1797-B2BA-2504-32B9-2AD8849548FE}.Release|Any CPU.ActiveCfg = Release|Any CPU
		{84DB1797-B2BA-2504-32B9-2AD8849548FE}.Release|Any CPU.Build.0 = Release|Any CPU
		{BCF28408-28D7-A584-6766-578311991F28}.Debug|Any CPU.ActiveCfg = Debug|Any CPU
		{BCF28408-28D7-A584-6766-578311991F28}.Debug|Any CPU.Build.0 = Debug|Any CPU
		{BCF28408-28D7-A584-6766-578311991F28}.Release|Any CPU.ActiveCfg = Release|Any CPU
		{BCF28408-28D7-A584-6766-578311991F28}.Release|Any CPU.Build.0 = Release|Any CPU
		{05221633-1208-D583-30AE-9295EC8563BC}.Debug|Any CPU.ActiveCfg = Debug|Any CPU
		{05221633-1208-D583-30AE-9295EC8563BC}.Debug|Any CPU.Build.0 = Debug|Any CPU
		{05221633-1208-D583-30AE-9295EC8563BC}.Release|Any CPU.ActiveCfg = Release|Any CPU
		{05221633-1208-D583-30AE-9295EC8563BC}.Release|Any CPU.Build.0 = Release|Any CPU
		{B410EE8F-43F7-FF14-8958-24D2A7078C0B}.Debug|Any CPU.ActiveCfg = Debug|Any CPU
		{B410EE8F-43F7-FF14-8958-24D2A7078C0B}.Debug|Any CPU.Build.0 = Debug|Any CPU
		{B410EE8F-43F7-FF14-8958-24D2A7078C0B}.Release|Any CPU.ActiveCfg = Release|Any CPU
		{B410EE8F-43F7-FF14-8958-24D2A7078C0B}.Release|Any CPU.Build.0 = Release|Any CPU
		{0C2A1B92-04E7-B71C-C36B-5B996EE11375}.Debug|Any CPU.ActiveCfg = Debug|Any CPU
		{0C2A1B92-04E7-B71C-C36B-5B996EE11375}.Debug|Any CPU.Build.0 = Debug|Any CPU
		{0C2A1B92-04E7-B71C-C36B-5B996EE11375}.Release|Any CPU.ActiveCfg = Release|Any CPU
		{0C2A1B92-04E7-B71C-C36B-5B996EE11375}.Release|Any CPU.Build.0 = Release|Any CPU
		{6BD54644-BCA4-CA57-3A8C-0F6A070CAFE0}.Debug|Any CPU.ActiveCfg = Debug|Any CPU
		{6BD54644-BCA4-CA57-3A8C-0F6A070CAFE0}.Debug|Any CPU.Build.0 = Debug|Any CPU
		{6BD54644-BCA4-CA57-3A8C-0F6A070CAFE0}.Release|Any CPU.ActiveCfg = Release|Any CPU
		{6BD54644-BCA4-CA57-3A8C-0F6A070CAFE0}.Release|Any CPU.Build.0 = Release|Any CPU
		{211BDBD6-D4DA-9055-3DDC-4E1FF3B87FB8}.Debug|Any CPU.ActiveCfg = Debug|Any CPU
		{211BDBD6-D4DA-9055-3DDC-4E1FF3B87FB8}.Debug|Any CPU.Build.0 = Debug|Any CPU
		{211BDBD6-D4DA-9055-3DDC-4E1FF3B87FB8}.Release|Any CPU.ActiveCfg = Release|Any CPU
		{211BDBD6-D4DA-9055-3DDC-4E1FF3B87FB8}.Release|Any CPU.Build.0 = Release|Any CPU
		{B1E1B743-150A-1CA9-F93A-470A104D924E}.Debug|Any CPU.ActiveCfg = Debug|Any CPU
		{B1E1B743-150A-1CA9-F93A-470A104D924E}.Debug|Any CPU.Build.0 = Debug|Any CPU
		{B1E1B743-150A-1CA9-F93A-470A104D924E}.Release|Any CPU.ActiveCfg = Release|Any CPU
		{B1E1B743-150A-1CA9-F93A-470A104D924E}.Release|Any CPU.Build.0 = Release|Any CPU
		{CC7718B7-DE84-3F8B-7244-3A5F91CC372B}.Debug|Any CPU.ActiveCfg = Debug|Any CPU
		{CC7718B7-DE84-3F8B-7244-3A5F91CC372B}.Debug|Any CPU.Build.0 = Debug|Any CPU
		{CC7718B7-DE84-3F8B-7244-3A5F91CC372B}.Release|Any CPU.ActiveCfg = Release|Any CPU
		{CC7718B7-DE84-3F8B-7244-3A5F91CC372B}.Release|Any CPU.Build.0 = Release|Any CPU
		{E189DFB8-4E35-F3B3-1593-16DF93487860}.Debug|Any CPU.ActiveCfg = Debug|Any CPU
		{E189DFB8-4E35-F3B3-1593-16DF93487860}.Debug|Any CPU.Build.0 = Debug|Any CPU
		{E189DFB8-4E35-F3B3-1593-16DF93487860}.Release|Any CPU.ActiveCfg = Release|Any CPU
		{E189DFB8-4E35-F3B3-1593-16DF93487860}.Release|Any CPU.Build.0 = Release|Any CPU
		{FBE021BB-540F-3948-F85C-BCF04E83C3F1}.Debug|Any CPU.ActiveCfg = Debug|Any CPU
		{FBE021BB-540F-3948-F85C-BCF04E83C3F1}.Debug|Any CPU.Build.0 = Debug|Any CPU
		{FBE021BB-540F-3948-F85C-BCF04E83C3F1}.Release|Any CPU.ActiveCfg = Release|Any CPU
		{FBE021BB-540F-3948-F85C-BCF04E83C3F1}.Release|Any CPU.Build.0 = Release|Any CPU
		{B198638E-A39F-835D-803A-F4179710758D}.Debug|Any CPU.ActiveCfg = Debug|Any CPU
		{B198638E-A39F-835D-803A-F4179710758D}.Debug|Any CPU.Build.0 = Debug|Any CPU
		{B198638E-A39F-835D-803A-F4179710758D}.Release|Any CPU.ActiveCfg = Release|Any CPU
		{B198638E-A39F-835D-803A-F4179710758D}.Release|Any CPU.Build.0 = Release|Any CPU
		{C7CF3C00-DA60-5ECE-AAD0-1C7BB28B64A0}.Debug|Any CPU.ActiveCfg = Debug|Any CPU
		{C7CF3C00-DA60-5ECE-AAD0-1C7BB28B64A0}.Debug|Any CPU.Build.0 = Debug|Any CPU
		{C7CF3C00-DA60-5ECE-AAD0-1C7BB28B64A0}.Release|Any CPU.ActiveCfg = Release|Any CPU
		{C7CF3C00-DA60-5ECE-AAD0-1C7BB28B64A0}.Release|Any CPU.Build.0 = Release|Any CPU
		{FD1509A9-649F-246F-E77D-32F27E6B1D38}.Debug|Any CPU.ActiveCfg = Debug|Any CPU
		{FD1509A9-649F-246F-E77D-32F27E6B1D38}.Debug|Any CPU.Build.0 = Debug|Any CPU
		{FD1509A9-649F-246F-E77D-32F27E6B1D38}.Release|Any CPU.ActiveCfg = Release|Any CPU
		{FD1509A9-649F-246F-E77D-32F27E6B1D38}.Release|Any CPU.Build.0 = Release|Any CPU
		{D3726A7B-C28D-CFBB-2B57-62E9E2C1F6D3}.Debug|Any CPU.ActiveCfg = Debug|Any CPU
		{D3726A7B-C28D-CFBB-2B57-62E9E2C1F6D3}.Debug|Any CPU.Build.0 = Debug|Any CPU
		{D3726A7B-C28D-CFBB-2B57-62E9E2C1F6D3}.Release|Any CPU.ActiveCfg = Release|Any CPU
		{D3726A7B-C28D-CFBB-2B57-62E9E2C1F6D3}.Release|Any CPU.Build.0 = Release|Any CPU
		{4CE36B87-557E-DAB6-F945-04CF1458A8D9}.Debug|Any CPU.ActiveCfg = Debug|Any CPU
		{4CE36B87-557E-DAB6-F945-04CF1458A8D9}.Debug|Any CPU.Build.0 = Debug|Any CPU
		{4CE36B87-557E-DAB6-F945-04CF1458A8D9}.Release|Any CPU.ActiveCfg = Release|Any CPU
		{4CE36B87-557E-DAB6-F945-04CF1458A8D9}.Release|Any CPU.Build.0 = Release|Any CPU
		{EFF1E869-16AD-FEA4-6B80-9AB69DB41BDE}.Debug|Any CPU.ActiveCfg = Debug|Any CPU
		{EFF1E869-16AD-FEA4-6B80-9AB69DB41BDE}.Debug|Any CPU.Build.0 = Debug|Any CPU
		{EFF1E869-16AD-FEA4-6B80-9AB69DB41BDE}.Release|Any CPU.ActiveCfg = Release|Any CPU
		{EFF1E869-16AD-FEA4-6B80-9AB69DB41BDE}.Release|Any CPU.Build.0 = Release|Any CPU
		{7BDA89C7-4EEE-70E7-D653-AA6E19E5EB61}.Debug|Any CPU.ActiveCfg = Debug|Any CPU
		{7BDA89C7-4EEE-70E7-D653-AA6E19E5EB61}.Debug|Any CPU.Build.0 = Debug|Any CPU
		{7BDA89C7-4EEE-70E7-D653-AA6E19E5EB61}.Release|Any CPU.ActiveCfg = Release|Any CPU
		{7BDA89C7-4EEE-70E7-D653-AA6E19E5EB61}.Release|Any CPU.Build.0 = Release|Any CPU
		{BF99713C-E092-45ED-4DF6-0C496D86F69C}.Debug|Any CPU.ActiveCfg = Debug|Any CPU
		{BF99713C-E092-45ED-4DF6-0C496D86F69C}.Debug|Any CPU.Build.0 = Debug|Any CPU
		{BF99713C-E092-45ED-4DF6-0C496D86F69C}.Release|Any CPU.ActiveCfg = Release|Any CPU
		{BF99713C-E092-45ED-4DF6-0C496D86F69C}.Release|Any CPU.Build.0 = Release|Any CPU
		{D9AA6FB6-331F-8D54-4F30-AABCBA0C0D43}.Debug|Any CPU.ActiveCfg = Debug|Any CPU
		{D9AA6FB6-331F-8D54-4F30-AABCBA0C0D43}.Debug|Any CPU.Build.0 = Debug|Any CPU
		{D9AA6FB6-331F-8D54-4F30-AABCBA0C0D43}.Release|Any CPU.ActiveCfg = Release|Any CPU
		{D9AA6FB6-331F-8D54-4F30-AABCBA0C0D43}.Release|Any CPU.Build.0 = Release|Any CPU
		{97A3DDBA-7F66-AFF3-01B2-78E40DA71151}.Debug|Any CPU.ActiveCfg = Debug|Any CPU
		{97A3DDBA-7F66-AFF3-01B2-78E40DA71151}.Debug|Any CPU.Build.0 = Debug|Any CPU
		{97A3DDBA-7F66-AFF3-01B2-78E40DA71151}.Release|Any CPU.ActiveCfg = Release|Any CPU
		{97A3DDBA-7F66-AFF3-01B2-78E40DA71151}.Release|Any CPU.Build.0 = Release|Any CPU
		{F50CDF69-1C8E-B45B-B43F-36E0F84E34EB}.Debug|Any CPU.ActiveCfg = Debug|Any CPU
		{F50CDF69-1C8E-B45B-B43F-36E0F84E34EB}.Debug|Any CPU.Build.0 = Debug|Any CPU
		{F50CDF69-1C8E-B45B-B43F-36E0F84E34EB}.Release|Any CPU.ActiveCfg = Release|Any CPU
		{F50CDF69-1C8E-B45B-B43F-36E0F84E34EB}.Release|Any CPU.Build.0 = Release|Any CPU
		{A385E8A6-B70F-3E24-A3C7-92C7DC1B90B3}.Debug|Any CPU.ActiveCfg = Debug|Any CPU
		{A385E8A6-B70F-3E24-A3C7-92C7DC1B90B3}.Debug|Any CPU.Build.0 = Debug|Any CPU
		{A385E8A6-B70F-3E24-A3C7-92C7DC1B90B3}.Release|Any CPU.ActiveCfg = Release|Any CPU
		{A385E8A6-B70F-3E24-A3C7-92C7DC1B90B3}.Release|Any CPU.Build.0 = Release|Any CPU
		{641AF804-28BC-FB1D-5E1B-80C9F4954C9D}.Debug|Any CPU.ActiveCfg = Debug|Any CPU
		{641AF804-28BC-FB1D-5E1B-80C9F4954C9D}.Debug|Any CPU.Build.0 = Debug|Any CPU
		{641AF804-28BC-FB1D-5E1B-80C9F4954C9D}.Release|Any CPU.ActiveCfg = Release|Any CPU
		{641AF804-28BC-FB1D-5E1B-80C9F4954C9D}.Release|Any CPU.Build.0 = Release|Any CPU
	EndGlobalSection
	GlobalSection(SolutionProperties) = preSolution
		HideSolutionNode = FALSE
	EndGlobalSection
EndGlobal
