
Microsoft Visual Studio Solution File, Format Version 12.00
# Visual Studio 15
Project("{FAE04EC0-301F-11D3-BF4B-00C04F79EFBC}") = "UnityEngine.TestRunner", "UnityEngine.TestRunner.csproj", "{E2A3D6FC-8EA1-6A17-1E5C-47887EBCAFA0}"
EndProject
Project("{FAE04EC0-301F-11D3-BF4B-00C04F79EFBC}") = "Unity.Mathematics", "Unity.Mathematics.csproj", "{EF4064F0-0C89-5BB2-6BE9-BDB9B043EB23}"
EndProject
Project("{FAE04EC0-301F-11D3-BF4B-00C04F79EFBC}") = "Unity.2D.Animation.Triangle.Runtime", "Unity.2D.Animation.Triangle.Runtime.csproj", "{8AEC20C2-E201-B886-0CDC-BB97B82C0984}"
EndProject
Project("{FAE04EC0-301F-11D3-BF4B-00C04F79EFBC}") = "Unity.Timeline", "Unity.Timeline.csproj", "{8DECF916-5ACD-230B-CA5E-C433FAED5C8E}"
EndProject
Project("{FAE04EC0-301F-11D3-BF4B-00C04F79EFBC}") = "UnityEngine.UI", "UnityEngine.UI.csproj", "{E19FC5DF-33F5-6A30-5C13-04AEDD286613}"
EndProject
Project("{FAE04EC0-301F-11D3-BF4B-00C04F79EFBC}") = "Unity.TextMeshPro", "Unity.TextMeshPro.csproj", "{9D02D117-A572-275C-8FCA-909DB29F3A46}"
EndProject
Project("{FAE04EC0-301F-11D3-BF4B-00C04F79EFBC}") = "Unity.2D.Animation.Runtime", "Unity.2D.Animation.Runtime.csproj", "{296450BE-CDCD-EB0E-5BC6-D2C76C25684A}"
EndProject
Project("{FAE04EC0-301F-11D3-BF4B-00C04F79EFBC}") = "Unity.2D.IK.Runtime", "Unity.2D.IK.Runtime.csproj", "{CAFD88B3-C243-7FA4-DD92-679BBE13B15D}"
EndProject
Project("{FAE04EC0-301F-11D3-BF4B-00C04F79EFBC}") = "Unity.2D.SpriteShape.Runtime", "Unity.2D.SpriteShape.Runtime.csproj", "{BE64458F-555A-80D0-C3CC-956664A68633}"
EndProject
Project("{FAE04EC0-301F-11D3-BF4B-00C04F79EFBC}") = "Unity.2D.PixelPerfect", "Unity.2D.PixelPerfect.csproj", "{9652BC9C-8DA1-6CF4-E7AF-66B616E8C947}"
EndProject
Project("{FAE04EC0-301F-11D3-BF4B-00C04F79EFBC}") = "Unity.2D.Common.Runtime", "Unity.2D.Common.Runtime.csproj", "{2517ED2A-C2BF-151E-0EE0-8E65C9C5A4BF}"
EndProject
Project("{FAE04EC0-301F-11D3-BF4B-00C04F79EFBC}") = "Assembly-CSharp", "Assembly-CSharp.csproj", "{E84BA4C6-655D-537C-377B-C8DB501CD8F1}"
EndProject
Project("{FAE04EC0-301F-11D3-BF4B-00C04F79EFBC}") = "Unity.InternalAPIEngineBridge.001", "Unity.InternalAPIEngineBridge.001.csproj", "{B20CCE29-BAFB-7006-8D07-B233A6D35ADE}"
EndProject
Project("{FAE04EC0-301F-11D3-BF4B-00C04F79EFBC}") = "UnityEditor.TestRunner", "UnityEditor.TestRunner.csproj", "{330A7627-BD35-B086-B42E-C93BAAAAFC53}"
EndProject
Project("{FAE04EC0-301F-11D3-BF4B-00C04F79EFBC}") = "UnityEditor.UI", "UnityEditor.UI.csproj", "{0272813E-7A38-C649-433B-B6A7FB53A9C3}"
EndProject
Project("{FAE04EC0-301F-11D3-BF4B-00C04F79EFBC}") = "Unity.Timeline.Editor", "Unity.Timeline.Editor.csproj", "{19C133AA-0F91-536A-8CB4-C2C0CC7FDC4D}"
EndProject
Project("{FAE04EC0-301F-11D3-BF4B-00C04F79EFBC}") = "Unity.VisualStudio.Editor", "Unity.VisualStudio.Editor.csproj", "{88055250-C25E-345D-4762-DA2B83DC8D0C}"
EndProject
Project("{FAE04EC0-301F-11D3-BF4B-00C04F79EFBC}") = "Unity.2D.Psdimporter.Editor", "Unity.2D.Psdimporter.Editor.csproj", "{18D8C19F-0DAC-4B58-D928-2E565F355435}"
EndProject
Project("{FAE04EC0-301F-11D3-BF4B-00C04F79EFBC}") = "Unity.2D.Animation.Editor", "Unity.2D.Animation.Editor.csproj", "{E989BDB0-04D0-8687-7BC7-B3B9A7F434DC}"
EndProject
Project("{FAE04EC0-301F-11D3-BF4B-00C04F79EFBC}") = "Unity.TextMeshPro.Editor", "Unity.TextMeshPro.Editor.csproj", "{257423E6-D1B0-75B2-2EFF-CE38203C74E7}"
EndProject
Project("{FAE04EC0-301F-11D3-BF4B-00C04F79EFBC}") = "Unity.2D.SpriteShape.Editor", "Unity.2D.SpriteShape.Editor.csproj", "{84F411F9-BE2E-36C9-71A0-6E93A502D5FD}"
EndProject
Project("{FAE04EC0-301F-11D3-BF4B-00C04F79EFBC}") = "Unity.CollabProxy.Editor", "Unity.CollabProxy.Editor.csproj", "{905F5084-CCA1-35C1-EBA7-2B54C9D3F5F2}"
EndProject
Project("{FAE04EC0-301F-11D3-BF4B-00C04F79EFBC}") = "PsdPlugin", "PsdPlugin.csproj", "{29AF5C50-BD27-3EB2-CC75-E389FDBC0B97}"
EndProject
Project("{FAE04EC0-301F-11D3-BF4B-00C04F79EFBC}") = "Unity.2D.Path.Editor", "Unity.2D.Path.Editor.csproj", "{1102D76A-17B4-68C2-4824-7D56DC044D0F}"
EndProject
Project("{FAE04EC0-301F-11D3-BF4B-00C04F79EFBC}") = "Unity.Rider.Editor", "Unity.Rider.Editor.csproj", "{598E93CA-41C0-32C6-6D75-68A8A0F0F904}"
EndProject
Project("{FAE04EC0-301F-11D3-BF4B-00C04F79EFBC}") = "Unity.2D.IK.Editor", "Unity.2D.IK.Editor.csproj", "{37E5FEE7-D794-6784-1DDF-C13392C63B1C}"
EndProject
Project("{FAE04EC0-301F-11D3-BF4B-00C04F79EFBC}") = "Unity.2D.Sprite.Editor", "Unity.2D.Sprite.Editor.csproj", "{086357BC-E2E1-044F-AE26-D72928D61314}"
EndProject
Project("{FAE04EC0-301F-11D3-BF4B-00C04F79EFBC}") = "Unity.2D.Tilemap.Editor", "Unity.2D.Tilemap.Editor.csproj", "{7DA1D869-87ED-BF92-9D5D-B483BDC4BA45}"
EndProject
Project("{FAE04EC0-301F-11D3-BF4B-00C04F79EFBC}") = "Unity.2D.PixelPerfect.Editor", "Unity.2D.PixelPerfect.Editor.csproj", "{1DECC78D-8978-2551-A759-36CBAAB49BAA}"
EndProject
Project("{FAE04EC0-301F-11D3-BF4B-00C04F79EFBC}") = "Unity.VSCode.Editor", "Unity.VSCode.Editor.csproj", "{BE0E4DB3-84CB-E577-54F3-1723CAE6278F}"
EndProject
Project("{FAE04EC0-301F-11D3-BF4B-00C04F79EFBC}") = "Unity.2D.Common.Editor", "Unity.2D.Common.Editor.csproj", "{005C3D7E-68FA-3309-61EA-3AD55838BCD2}"
EndProject
Project("{FAE04EC0-301F-11D3-BF4B-00C04F79EFBC}") = "Unity.Mathematics.Editor", "Unity.Mathematics.Editor.csproj", "{D0D303D7-13B1-1E14-F181-7F22E3675B90}"
EndProject
Project("{FAE04EC0-301F-11D3-BF4B-00C04F79EFBC}") = "Unity.InternalAPIEditorBridge.001", "Unity.InternalAPIEditorBridge.001.csproj", "{57C22869-01BB-BBBC-6579-41E5CDA0BCF1}"
EndProject
Project("{FAE04EC0-301F-11D3-BF4B-00C04F79EFBC}") = "UnityEngine.TestRunner", "UnityEngine.TestRunner.Player.csproj", "{03950006-2B06-C5E1-DEBA-60976786B6F1}"
EndProject
Project("{FAE04EC0-301F-11D3-BF4B-00C04F79EFBC}") = "Unity.Mathematics", "Unity.Mathematics.Player.csproj", "{BB0A3F1A-540A-EFD4-92A3-88B297C05896}"
EndProject
Project("{FAE04EC0-301F-11D3-BF4B-00C04F79EFBC}") = "Unity.2D.Animation.Triangle.Runtime", "Unity.2D.Animation.Triangle.Runtime.Player.csproj", "{4D513DCF-60C3-2214-E460-C325D9F37397}"
EndProject
Project("{FAE04EC0-301F-11D3-BF4B-00C04F79EFBC}") = "Unity.Timeline", "Unity.Timeline.Player.csproj", "{506D8A21-0F4C-F5F8-64AD-514559982B3A}"
EndProject
Project("{FAE04EC0-301F-11D3-BF4B-00C04F79EFBC}") = "UnityEngine.UI", "UnityEngine.UI.Player.csproj", "{BA55D86D-93D6-3162-41E7-B75503E20CA5}"
EndProject
Project("{FAE04EC0-301F-11D3-BF4B-00C04F79EFBC}") = "Unity.TextMeshPro", "Unity.TextMeshPro.Player.csproj", "{5A84E40F-817B-2A56-F220-12D3611BEE84}"
EndProject
Project("{FAE04EC0-301F-11D3-BF4B-00C04F79EFBC}") = "Unity.2D.Animation.Runtime", "Unity.2D.Animation.Runtime.Player.csproj", "{059AE46F-D1E1-D18F-71F8-E5236018C1AE}"
EndProject
Project("{FAE04EC0-301F-11D3-BF4B-00C04F79EFBC}") = "Unity.2D.IK.Runtime", "Unity.2D.IK.Runtime.Player.csproj", "{E12AA6F3-D4B0-A299-B88D-CFD25FDB2A04}"
EndProject
Project("{FAE04EC0-301F-11D3-BF4B-00C04F79EFBC}") = "Unity.2D.SpriteShape.Runtime", "Unity.2D.SpriteShape.Runtime.Player.csproj", "{2EF315AB-3D70-3CB4-2386-33C2185E6B3A}"
EndProject
Project("{FAE04EC0-301F-11D3-BF4B-00C04F79EFBC}") = "Unity.2D.PixelPerfect", "Unity.2D.PixelPerfect.Player.csproj", "{305FD3C4-7387-0F15-37A0-39E37F940A46}"
EndProject
Project("{FAE04EC0-301F-11D3-BF4B-00C04F79EFBC}") = "Unity.2D.Common.Runtime", "Unity.2D.Common.Runtime.Player.csproj", "{3C8828A8-42ED-D63B-DDD8-552E4262FD87}"
EndProject
Project("{FAE04EC0-301F-11D3-BF4B-00C04F79EFBC}") = "Assembly-CSharp", "Assembly-CSharp.Player.csproj", "{9DD1DADE-0648-E22F-7C86-5441686DFE7A}"
EndProject
Project("{FAE04EC0-301F-11D3-BF4B-00C04F79EFBC}") = "Unity.InternalAPIEngineBridge.001", "Unity.InternalAPIEngineBridge.001.Player.csproj", "{189941AD-3D48-A762-BB98-8D6219D805F6}"
EndProject
Global
	GlobalSection(SolutionConfigurationPlatforms) = preSolution
		Debug|Any CPU = Debug|Any CPU
		Release|Any CPU = Release|Any CPU
	EndGlobalSection
	GlobalSection(ProjectConfigurationPlatforms) = postSolution
		{E2A3D6FC-8EA1-6A17-1E5C-47887EBCAFA0}.Debug|Any CPU.ActiveCfg = Debug|Any CPU
		{E2A3D6FC-8EA1-6A17-1E5C-47887EBCAFA0}.Debug|Any CPU.Build.0 = Debug|Any CPU
		{E2A3D6FC-8EA1-6A17-1E5C-47887EBCAFA0}.Release|Any CPU.ActiveCfg = Release|Any CPU
		{E2A3D6FC-8EA1-6A17-1E5C-47887EBCAFA0}.Release|Any CPU.Build.0 = Release|Any CPU
		{EF4064F0-0C89-5BB2-6BE9-BDB9B043EB23}.Debug|Any CPU.ActiveCfg = Debug|Any CPU
		{EF4064F0-0C89-5BB2-6BE9-BDB9B043EB23}.Debug|Any CPU.Build.0 = Debug|Any CPU
		{EF4064F0-0C89-5BB2-6BE9-BDB9B043EB23}.Release|Any CPU.ActiveCfg = Release|Any CPU
		{EF4064F0-0C89-5BB2-6BE9-BDB9B043EB23}.Release|Any CPU.Build.0 = Release|Any CPU
		{8AEC20C2-E201-B886-0CDC-BB97B82C0984}.Debug|Any CPU.ActiveCfg = Debug|Any CPU
		{8AEC20C2-E201-B886-0CDC-BB97B82C0984}.Debug|Any CPU.Build.0 = Debug|Any CPU
		{8AEC20C2-E201-B886-0CDC-BB97B82C0984}.Release|Any CPU.ActiveCfg = Release|Any CPU
		{8AEC20C2-E201-B886-0CDC-BB97B82C0984}.Release|Any CPU.Build.0 = Release|Any CPU
		{8DECF916-5ACD-230B-CA5E-C433FAED5C8E}.Debug|Any CPU.ActiveCfg = Debug|Any CPU
		{8DECF916-5ACD-230B-CA5E-C433FAED5C8E}.Debug|Any CPU.Build.0 = Debug|Any CPU
		{8DECF916-5ACD-230B-CA5E-C433FAED5C8E}.Release|Any CPU.ActiveCfg = Release|Any CPU
		{8DECF916-5ACD-230B-CA5E-C433FAED5C8E}.Release|Any CPU.Build.0 = Release|Any CPU
		{E19FC5DF-33F5-6A30-5C13-04AEDD286613}.Debug|Any CPU.ActiveCfg = Debug|Any CPU
		{E19FC5DF-33F5-6A30-5C13-04AEDD286613}.Debug|Any CPU.Build.0 = Debug|Any CPU
		{E19FC5DF-33F5-6A30-5C13-04AEDD286613}.Release|Any CPU.ActiveCfg = Release|Any CPU
		{E19FC5DF-33F5-6A30-5C13-04AEDD286613}.Release|Any CPU.Build.0 = Release|Any CPU
		{9D02D117-A572-275C-8FCA-909DB29F3A46}.Debug|Any CPU.ActiveCfg = Debug|Any CPU
		{9D02D117-A572-275C-8FCA-909DB29F3A46}.Debug|Any CPU.Build.0 = Debug|Any CPU
		{9D02D117-A572-275C-8FCA-909DB29F3A46}.Release|Any CPU.ActiveCfg = Release|Any CPU
		{9D02D117-A572-275C-8FCA-909DB29F3A46}.Release|Any CPU.Build.0 = Release|Any CPU
		{296450BE-CDCD-EB0E-5BC6-D2C76C25684A}.Debug|Any CPU.ActiveCfg = Debug|Any CPU
		{296450BE-CDCD-EB0E-5BC6-D2C76C25684A}.Debug|Any CPU.Build.0 = Debug|Any CPU
		{296450BE-CDCD-EB0E-5BC6-D2C76C25684A}.Release|Any CPU.ActiveCfg = Release|Any CPU
		{296450BE-CDCD-EB0E-5BC6-D2C76C25684A}.Release|Any CPU.Build.0 = Release|Any CPU
		{CAFD88B3-C243-7FA4-DD92-679BBE13B15D}.Debug|Any CPU.ActiveCfg = Debug|Any CPU
		{CAFD88B3-C243-7FA4-DD92-679BBE13B15D}.Debug|Any CPU.Build.0 = Debug|Any CPU
		{CAFD88B3-C243-7FA4-DD92-679BBE13B15D}.Release|Any CPU.ActiveCfg = Release|Any CPU
		{CAFD88B3-C243-7FA4-DD92-679BBE13B15D}.Release|Any CPU.Build.0 = Release|Any CPU
		{BE64458F-555A-80D0-C3CC-956664A68633}.Debug|Any CPU.ActiveCfg = Debug|Any CPU
		{BE64458F-555A-80D0-C3CC-956664A68633}.Debug|Any CPU.Build.0 = Debug|Any CPU
		{BE64458F-555A-80D0-C3CC-956664A68633}.Release|Any CPU.ActiveCfg = Release|Any CPU
		{BE64458F-555A-80D0-C3CC-956664A68633}.Release|Any CPU.Build.0 = Release|Any CPU
		{9652BC9C-8DA1-6CF4-E7AF-66B616E8C947}.Debug|Any CPU.ActiveCfg = Debug|Any CPU
		{9652BC9C-8DA1-6CF4-E7AF-66B616E8C947}.Debug|Any CPU.Build.0 = Debug|Any CPU
		{9652BC9C-8DA1-6CF4-E7AF-66B616E8C947}.Release|Any CPU.ActiveCfg = Release|Any CPU
		{9652BC9C-8DA1-6CF4-E7AF-66B616E8C947}.Release|Any CPU.Build.0 = Release|Any CPU
		{2517ED2A-C2BF-151E-0EE0-8E65C9C5A4BF}.Debug|Any CPU.ActiveCfg = Debug|Any CPU
		{2517ED2A-C2BF-151E-0EE0-8E65C9C5A4BF}.Debug|Any CPU.Build.0 = Debug|Any CPU
		{2517ED2A-C2BF-151E-0EE0-8E65C9C5A4BF}.Release|Any CPU.ActiveCfg = Release|Any CPU
		{2517ED2A-C2BF-151E-0EE0-8E65C9C5A4BF}.Release|Any CPU.Build.0 = Release|Any CPU
		{E84BA4C6-655D-537C-377B-C8DB501CD8F1}.Debug|Any CPU.ActiveCfg = Debug|Any CPU
		{E84BA4C6-655D-537C-377B-C8DB501CD8F1}.Debug|Any CPU.Build.0 = Debug|Any CPU
		{E84BA4C6-655D-537C-377B-C8DB501CD8F1}.Release|Any CPU.ActiveCfg = Release|Any CPU
		{E84BA4C6-655D-537C-377B-C8DB501CD8F1}.Release|Any CPU.Build.0 = Release|Any CPU
		{B20CCE29-BAFB-7006-8D07-B233A6D35ADE}.Debug|Any CPU.ActiveCfg = Debug|Any CPU
		{B20CCE29-BAFB-7006-8D07-B233A6D35ADE}.Debug|Any CPU.Build.0 = Debug|Any CPU
		{B20CCE29-BAFB-7006-8D07-B233A6D35ADE}.Release|Any CPU.ActiveCfg = Release|Any CPU
		{B20CCE29-BAFB-7006-8D07-B233A6D35ADE}.Release|Any CPU.Build.0 = Release|Any CPU
		{330A7627-BD35-B086-B42E-C93BAAAAFC53}.Debug|Any CPU.ActiveCfg = Debug|Any CPU
		{330A7627-BD35-B086-B42E-C93BAAAAFC53}.Debug|Any CPU.Build.0 = Debug|Any CPU
		{330A7627-BD35-B086-B42E-C93BAAAAFC53}.Release|Any CPU.ActiveCfg = Release|Any CPU
		{330A7627-BD35-B086-B42E-C93BAAAAFC53}.Release|Any CPU.Build.0 = Release|Any CPU
		{0272813E-7A38-C649-433B-B6A7FB53A9C3}.Debug|Any CPU.ActiveCfg = Debug|Any CPU
		{0272813E-7A38-C649-433B-B6A7FB53A9C3}.Debug|Any CPU.Build.0 = Debug|Any CPU
		{0272813E-7A38-C649-433B-B6A7FB53A9C3}.Release|Any CPU.ActiveCfg = Release|Any CPU
		{0272813E-7A38-C649-433B-B6A7FB53A9C3}.Release|Any CPU.Build.0 = Release|Any CPU
		{19C133AA-0F91-536A-8CB4-C2C0CC7FDC4D}.Debug|Any CPU.ActiveCfg = Debug|Any CPU
		{19C133AA-0F91-536A-8CB4-C2C0CC7FDC4D}.Debug|Any CPU.Build.0 = Debug|Any CPU
		{19C133AA-0F91-536A-8CB4-C2C0CC7FDC4D}.Release|Any CPU.ActiveCfg = Release|Any CPU
		{19C133AA-0F91-536A-8CB4-C2C0CC7FDC4D}.Release|Any CPU.Build.0 = Release|Any CPU
		{88055250-C25E-345D-4762-DA2B83DC8D0C}.Debug|Any CPU.ActiveCfg = Debug|Any CPU
		{88055250-C25E-345D-4762-DA2B83DC8D0C}.Debug|Any CPU.Build.0 = Debug|Any CPU
		{88055250-C25E-345D-4762-DA2B83DC8D0C}.Release|Any CPU.ActiveCfg = Release|Any CPU
		{88055250-C25E-345D-4762-DA2B83DC8D0C}.Release|Any CPU.Build.0 = Release|Any CPU
		{18D8C19F-0DAC-4B58-D928-2E565F355435}.Debug|Any CPU.ActiveCfg = Debug|Any CPU
		{18D8C19F-0DAC-4B58-D928-2E565F355435}.Debug|Any CPU.Build.0 = Debug|Any CPU
		{18D8C19F-0DAC-4B58-D928-2E565F355435}.Release|Any CPU.ActiveCfg = Release|Any CPU
		{18D8C19F-0DAC-4B58-D928-2E565F355435}.Release|Any CPU.Build.0 = Release|Any CPU
		{E989BDB0-04D0-8687-7BC7-B3B9A7F434DC}.Debug|Any CPU.ActiveCfg = Debug|Any CPU
		{E989BDB0-04D0-8687-7BC7-B3B9A7F434DC}.Debug|Any CPU.Build.0 = Debug|Any CPU
		{E989BDB0-04D0-8687-7BC7-B3B9A7F434DC}.Release|Any CPU.ActiveCfg = Release|Any CPU
		{E989BDB0-04D0-8687-7BC7-B3B9A7F434DC}.Release|Any CPU.Build.0 = Release|Any CPU
		{257423E6-D1B0-75B2-2EFF-CE38203C74E7}.Debug|Any CPU.ActiveCfg = Debug|Any CPU
		{257423E6-D1B0-75B2-2EFF-CE38203C74E7}.Debug|Any CPU.Build.0 = Debug|Any CPU
		{257423E6-D1B0-75B2-2EFF-CE38203C74E7}.Release|Any CPU.ActiveCfg = Release|Any CPU
		{257423E6-D1B0-75B2-2EFF-CE38203C74E7}.Release|Any CPU.Build.0 = Release|Any CPU
		{84F411F9-BE2E-36C9-71A0-6E93A502D5FD}.Debug|Any CPU.ActiveCfg = Debug|Any CPU
		{84F411F9-BE2E-36C9-71A0-6E93A502D5FD}.Debug|Any CPU.Build.0 = Debug|Any CPU
		{84F411F9-BE2E-36C9-71A0-6E93A502D5FD}.Release|Any CPU.ActiveCfg = Release|Any CPU
		{84F411F9-BE2E-36C9-71A0-6E93A502D5FD}.Release|Any CPU.Build.0 = Release|Any CPU
		{905F5084-CCA1-35C1-EBA7-2B54C9D3F5F2}.Debug|Any CPU.ActiveCfg = Debug|Any CPU
		{905F5084-CCA1-35C1-EBA7-2B54C9D3F5F2}.Debug|Any CPU.Build.0 = Debug|Any CPU
		{905F5084-CCA1-35C1-EBA7-2B54C9D3F5F2}.Release|Any CPU.ActiveCfg = Release|Any CPU
		{905F5084-CCA1-35C1-EBA7-2B54C9D3F5F2}.Release|Any CPU.Build.0 = Release|Any CPU
		{29AF5C50-BD27-3EB2-CC75-E389FDBC0B97}.Debug|Any CPU.ActiveCfg = Debug|Any CPU
		{29AF5C50-BD27-3EB2-CC75-E389FDBC0B97}.Debug|Any CPU.Build.0 = Debug|Any CPU
		{29AF5C50-BD27-3EB2-CC75-E389FDBC0B97}.Release|Any CPU.ActiveCfg = Release|Any CPU
		{29AF5C50-BD27-3EB2-CC75-E389FDBC0B97}.Release|Any CPU.Build.0 = Release|Any CPU
		{1102D76A-17B4-68C2-4824-7D56DC044D0F}.Debug|Any CPU.ActiveCfg = Debug|Any CPU
		{1102D76A-17B4-68C2-4824-7D56DC044D0F}.Debug|Any CPU.Build.0 = Debug|Any CPU
		{1102D76A-17B4-68C2-4824-7D56DC044D0F}.Release|Any CPU.ActiveCfg = Release|Any CPU
		{1102D76A-17B4-68C2-4824-7D56DC044D0F}.Release|Any CPU.Build.0 = Release|Any CPU
		{598E93CA-41C0-32C6-6D75-68A8A0F0F904}.Debug|Any CPU.ActiveCfg = Debug|Any CPU
		{598E93CA-41C0-32C6-6D75-68A8A0F0F904}.Debug|Any CPU.Build.0 = Debug|Any CPU
		{598E93CA-41C0-32C6-6D75-68A8A0F0F904}.Release|Any CPU.ActiveCfg = Release|Any CPU
		{598E93CA-41C0-32C6-6D75-68A8A0F0F904}.Release|Any CPU.Build.0 = Release|Any CPU
		{37E5FEE7-D794-6784-1DDF-C13392C63B1C}.Debug|Any CPU.ActiveCfg = Debug|Any CPU
		{37E5FEE7-D794-6784-1DDF-C13392C63B1C}.Debug|Any CPU.Build.0 = Debug|Any CPU
		{37E5FEE7-D794-6784-1DDF-C13392C63B1C}.Release|Any CPU.ActiveCfg = Release|Any CPU
		{37E5FEE7-D794-6784-1DDF-C13392C63B1C}.Release|Any CPU.Build.0 = Release|Any CPU
		{086357BC-E2E1-044F-AE26-D72928D61314}.Debug|Any CPU.ActiveCfg = Debug|Any CPU
		{086357BC-E2E1-044F-AE26-D72928D61314}.Debug|Any CPU.Build.0 = Debug|Any CPU
		{086357BC-E2E1-044F-AE26-D72928D61314}.Release|Any CPU.ActiveCfg = Release|Any CPU
		{086357BC-E2E1-044F-AE26-D72928D61314}.Release|Any CPU.Build.0 = Release|Any CPU
		{7DA1D869-87ED-BF92-9D5D-B483BDC4BA45}.Debug|Any CPU.ActiveCfg = Debug|Any CPU
		{7DA1D869-87ED-BF92-9D5D-B483BDC4BA45}.Debug|Any CPU.Build.0 = Debug|Any CPU
		{7DA1D869-87ED-BF92-9D5D-B483BDC4BA45}.Release|Any CPU.ActiveCfg = Release|Any CPU
		{7DA1D869-87ED-BF92-9D5D-B483BDC4BA45}.Release|Any CPU.Build.0 = Release|Any CPU
		{1DECC78D-8978-2551-A759-36CBAAB49BAA}.Debug|Any CPU.ActiveCfg = Debug|Any CPU
		{1DECC78D-8978-2551-A759-36CBAAB49BAA}.Debug|Any CPU.Build.0 = Debug|Any CPU
		{1DECC78D-8978-2551-A759-36CBAAB49BAA}.Release|Any CPU.ActiveCfg = Release|Any CPU
		{1DECC78D-8978-2551-A759-36CBAAB49BAA}.Release|Any CPU.Build.0 = Release|Any CPU
		{BE0E4DB3-84CB-E577-54F3-1723CAE6278F}.Debug|Any CPU.ActiveCfg = Debug|Any CPU
		{BE0E4DB3-84CB-E577-54F3-1723CAE6278F}.Debug|Any CPU.Build.0 = Debug|Any CPU
		{BE0E4DB3-84CB-E577-54F3-1723CAE6278F}.Release|Any CPU.ActiveCfg = Release|Any CPU
		{BE0E4DB3-84CB-E577-54F3-1723CAE6278F}.Release|Any CPU.Build.0 = Release|Any CPU
		{005C3D7E-68FA-3309-61EA-3AD55838BCD2}.Debug|Any CPU.ActiveCfg = Debug|Any CPU
		{005C3D7E-68FA-3309-61EA-3AD55838BCD2}.Debug|Any CPU.Build.0 = Debug|Any CPU
		{005C3D7E-68FA-3309-61EA-3AD55838BCD2}.Release|Any CPU.ActiveCfg = Release|Any CPU
		{005C3D7E-68FA-3309-61EA-3AD55838BCD2}.Release|Any CPU.Build.0 = Release|Any CPU
		{D0D303D7-13B1-1E14-F181-7F22E3675B90}.Debug|Any CPU.ActiveCfg = Debug|Any CPU
		{D0D303D7-13B1-1E14-F181-7F22E3675B90}.Debug|Any CPU.Build.0 = Debug|Any CPU
		{D0D303D7-13B1-1E14-F181-7F22E3675B90}.Release|Any CPU.ActiveCfg = Release|Any CPU
		{D0D303D7-13B1-1E14-F181-7F22E3675B90}.Release|Any CPU.Build.0 = Release|Any CPU
		{57C22869-01BB-BBBC-6579-41E5CDA0BCF1}.Debug|Any CPU.ActiveCfg = Debug|Any CPU
		{57C22869-01BB-BBBC-6579-41E5CDA0BCF1}.Debug|Any CPU.Build.0 = Debug|Any CPU
		{57C22869-01BB-BBBC-6579-41E5CDA0BCF1}.Release|Any CPU.ActiveCfg = Release|Any CPU
		{57C22869-01BB-BBBC-6579-41E5CDA0BCF1}.Release|Any CPU.Build.0 = Release|Any CPU
		{03950006-2B06-C5E1-DEBA-60976786B6F1}.Debug|Any CPU.ActiveCfg = Debug|Any CPU
		{03950006-2B06-C5E1-DEBA-60976786B6F1}.Debug|Any CPU.Build.0 = Debug|Any CPU
		{03950006-2B06-C5E1-DEBA-60976786B6F1}.Release|Any CPU.ActiveCfg = Release|Any CPU
		{03950006-2B06-C5E1-DEBA-60976786B6F1}.Release|Any CPU.Build.0 = Release|Any CPU
		{BB0A3F1A-540A-EFD4-92A3-88B297C05896}.Debug|Any CPU.ActiveCfg = Debug|Any CPU
		{BB0A3F1A-540A-EFD4-92A3-88B297C05896}.Debug|Any CPU.Build.0 = Debug|Any CPU
		{BB0A3F1A-540A-EFD4-92A3-88B297C05896}.Release|Any CPU.ActiveCfg = Release|Any CPU
		{BB0A3F1A-540A-EFD4-92A3-88B297C05896}.Release|Any CPU.Build.0 = Release|Any CPU
		{4D513DCF-60C3-2214-E460-C325D9F37397}.Debug|Any CPU.ActiveCfg = Debug|Any CPU
		{4D513DCF-60C3-2214-E460-C325D9F37397}.Debug|Any CPU.Build.0 = Debug|Any CPU
		{4D513DCF-60C3-2214-E460-C325D9F37397}.Release|Any CPU.ActiveCfg = Release|Any CPU
		{4D513DCF-60C3-2214-E460-C325D9F37397}.Release|Any CPU.Build.0 = Release|Any CPU
		{506D8A21-0F4C-F5F8-64AD-514559982B3A}.Debug|Any CPU.ActiveCfg = Debug|Any CPU
		{506D8A21-0F4C-F5F8-64AD-514559982B3A}.Debug|Any CPU.Build.0 = Debug|Any CPU
		{506D8A21-0F4C-F5F8-64AD-514559982B3A}.Release|Any CPU.ActiveCfg = Release|Any CPU
		{506D8A21-0F4C-F5F8-64AD-514559982B3A}.Release|Any CPU.Build.0 = Release|Any CPU
		{BA55D86D-93D6-3162-41E7-B75503E20CA5}.Debug|Any CPU.ActiveCfg = Debug|Any CPU
		{BA55D86D-93D6-3162-41E7-B75503E20CA5}.Debug|Any CPU.Build.0 = Debug|Any CPU
		{BA55D86D-93D6-3162-41E7-B75503E20CA5}.Release|Any CPU.ActiveCfg = Release|Any CPU
		{BA55D86D-93D6-3162-41E7-B75503E20CA5}.Release|Any CPU.Build.0 = Release|Any CPU
		{5A84E40F-817B-2A56-F220-12D3611BEE84}.Debug|Any CPU.ActiveCfg = Debug|Any CPU
		{5A84E40F-817B-2A56-F220-12D3611BEE84}.Debug|Any CPU.Build.0 = Debug|Any CPU
		{5A84E40F-817B-2A56-F220-12D3611BEE84}.Release|Any CPU.ActiveCfg = Release|Any CPU
		{5A84E40F-817B-2A56-F220-12D3611BEE84}.Release|Any CPU.Build.0 = Release|Any CPU
		{059AE46F-D1E1-D18F-71F8-E5236018C1AE}.Debug|Any CPU.ActiveCfg = Debug|Any CPU
		{059AE46F-D1E1-D18F-71F8-E5236018C1AE}.Debug|Any CPU.Build.0 = Debug|Any CPU
		{059AE46F-D1E1-D18F-71F8-E5236018C1AE}.Release|Any CPU.ActiveCfg = Release|Any CPU
		{059AE46F-D1E1-D18F-71F8-E5236018C1AE}.Release|Any CPU.Build.0 = Release|Any CPU
		{E12AA6F3-D4B0-A299-B88D-CFD25FDB2A04}.Debug|Any CPU.ActiveCfg = Debug|Any CPU
		{E12AA6F3-D4B0-A299-B88D-CFD25FDB2A04}.Debug|Any CPU.Build.0 = Debug|Any CPU
		{E12AA6F3-D4B0-A299-B88D-CFD25FDB2A04}.Release|Any CPU.ActiveCfg = Release|Any CPU
		{E12AA6F3-D4B0-A299-B88D-CFD25FDB2A04}.Release|Any CPU.Build.0 = Release|Any CPU
		{2EF315AB-3D70-3CB4-2386-33C2185E6B3A}.Debug|Any CPU.ActiveCfg = Debug|Any CPU
		{2EF315AB-3D70-3CB4-2386-33C2185E6B3A}.Debug|Any CPU.Build.0 = Debug|Any CPU
		{2EF315AB-3D70-3CB4-2386-33C2185E6B3A}.Release|Any CPU.ActiveCfg = Release|Any CPU
		{2EF315AB-3D70-3CB4-2386-33C2185E6B3A}.Release|Any CPU.Build.0 = Release|Any CPU
		{305FD3C4-7387-0F15-37A0-39E37F940A46}.Debug|Any CPU.ActiveCfg = Debug|Any CPU
		{305FD3C4-7387-0F15-37A0-39E37F940A46}.Debug|Any CPU.Build.0 = Debug|Any CPU
		{305FD3C4-7387-0F15-37A0-39E37F940A46}.Release|Any CPU.ActiveCfg = Release|Any CPU
		{305FD3C4-7387-0F15-37A0-39E37F940A46}.Release|Any CPU.Build.0 = Release|Any CPU
		{3C8828A8-42ED-D63B-DDD8-552E4262FD87}.Debug|Any CPU.ActiveCfg = Debug|Any CPU
		{3C8828A8-42ED-D63B-DDD8-552E4262FD87}.Debug|Any CPU.Build.0 = Debug|Any CPU
		{3C8828A8-42ED-D63B-DDD8-552E4262FD87}.Release|Any CPU.ActiveCfg = Release|Any CPU
		{3C8828A8-42ED-D63B-DDD8-552E4262FD87}.Release|Any CPU.Build.0 = Release|Any CPU
		{9DD1DADE-0648-E22F-7C86-5441686DFE7A}.Debug|Any CPU.ActiveCfg = Debug|Any CPU
		{9DD1DADE-0648-E22F-7C86-5441686DFE7A}.Debug|Any CPU.Build.0 = Debug|Any CPU
		{9DD1DADE-0648-E22F-7C86-5441686DFE7A}.Release|Any CPU.ActiveCfg = Release|Any CPU
		{9DD1DADE-0648-E22F-7C86-5441686DFE7A}.Release|Any CPU.Build.0 = Release|Any CPU
		{189941AD-3D48-A762-BB98-8D6219D805F6}.Debug|Any CPU.ActiveCfg = Debug|Any CPU
		{189941AD-3D48-A762-BB98-8D6219D805F6}.Debug|Any CPU.Build.0 = Debug|Any CPU
		{189941AD-3D48-A762-BB98-8D6219D805F6}.Release|Any CPU.ActiveCfg = Release|Any CPU
		{189941AD-3D48-A762-BB98-8D6219D805F6}.Release|Any CPU.Build.0 = Release|Any CPU
	EndGlobalSection
	GlobalSection(SolutionProperties) = preSolution
		HideSolutionNode = FALSE
	EndGlobalSection
EndGlobal
