
Microsoft Visual Studio Solution File, Format Version 12.00
# Visual Studio 15
Project("{FAE04EC0-301F-11D3-BF4B-00C04F79EFBC}") = "UnityEngine.TestRunner", "UnityEngine.TestRunner.csproj", "{F35BBC39-85DA-A806-D08D-2F0C817E70C3}"
EndProject
Project("{FAE04EC0-301F-11D3-BF4B-00C04F79EFBC}") = "Unity.Mathematics", "Unity.Mathematics.csproj", "{E80DE6B8-600B-1141-88E8-B57E3A8C3614}"
EndProject
Project("{FAE04EC0-301F-11D3-BF4B-00C04F79EFBC}") = "Unity.2D.Animation.Triangle.Runtime", "Unity.2D.Animation.Triangle.Runtime.csproj", "{6B21F0DF-BD4F-8345-172C-6ED2A30BDFA9}"
EndProject
Project("{FAE04EC0-301F-11D3-BF4B-00C04F79EFBC}") = "Unity.Timeline", "Unity.Timeline.csproj", "{9CC42832-70A6-15FF-1042-68F2C6B9A51D}"
EndProject
Project("{FAE04EC0-301F-11D3-BF4B-00C04F79EFBC}") = "UnityEngine.UI", "UnityEngine.UI.csproj", "{F1F7E958-D253-1B0C-EC65-97E41089CDCF}"
EndProject
Project("{FAE04EC0-301F-11D3-BF4B-00C04F79EFBC}") = "Unity.TextMeshPro", "Unity.TextMeshPro.csproj", "{EFC1A43B-1417-267A-8AC4-6CCAFB367CA5}"
EndProject
Project("{FAE04EC0-301F-11D3-BF4B-00C04F79EFBC}") = "Unity.2D.Animation.Runtime", "Unity.2D.Animation.Runtime.csproj", "{52E9056F-AD1E-1FA8-93DB-83199C7C94C3}"
EndProject
Project("{FAE04EC0-301F-11D3-BF4B-00C04F79EFBC}") = "Unity.2D.IK.Runtime", "Unity.2D.IK.Runtime.csproj", "{78CE0057-9F3E-EAB7-37FF-48AE4E28E64F}"
EndProject
Project("{FAE04EC0-301F-11D3-BF4B-00C04F79EFBC}") = "Unity.2D.SpriteShape.Runtime", "Unity.2D.SpriteShape.Runtime.csproj", "{660FE6C4-3DC4-E044-99D5-F895F9A38D4E}"
EndProject
Project("{FAE04EC0-301F-11D3-BF4B-00C04F79EFBC}") = "Assembly-CSharp", "Assembly-CSharp.csproj", "{BF63BA9E-8A8E-AA17-B49F-7B2E871A10F6}"
EndProject
Project("{FAE04EC0-301F-11D3-BF4B-00C04F79EFBC}") = "Unity.2D.PixelPerfect", "Unity.2D.PixelPerfect.csproj", "{4F317345-D146-6E3F-6916-5738D7657557}"
EndProject
Project("{FAE04EC0-301F-11D3-BF4B-00C04F79EFBC}") = "Unity.2D.Common.Runtime", "Unity.2D.Common.Runtime.csproj", "{B4A4B0A4-26EE-2186-C764-EDEE2F03648C}"
EndProject
Project("{FAE04EC0-301F-11D3-BF4B-00C04F79EFBC}") = "Unity.InternalAPIEngineBridge.001", "Unity.InternalAPIEngineBridge.001.csproj", "{C3902804-B0D2-0C89-6F4B-72AD50504216}"
EndProject
Project("{FAE04EC0-301F-11D3-BF4B-00C04F79EFBC}") = "UnityEditor.TestRunner", "UnityEditor.TestRunner.csproj", "{E9803937-F935-7A8F-3E37-F3619123F065}"
EndProject
Project("{FAE04EC0-301F-11D3-BF4B-00C04F79EFBC}") = "UnityEditor.UI", "UnityEditor.UI.csproj", "{33DF5E59-3618-630A-08F5-0FCFEC63033C}"
EndProject
Project("{FAE04EC0-301F-11D3-BF4B-00C04F79EFBC}") = "Unity.Timeline.Editor", "Unity.Timeline.Editor.csproj", "{884AAA33-A7BC-E437-44F3-769BDF5A3319}"
EndProject
Project("{FAE04EC0-301F-11D3-BF4B-00C04F79EFBC}") = "Unity.VisualStudio.Editor", "Unity.VisualStudio.Editor.csproj", "{43164349-04A5-9BF8-00E0-60026D45184B}"
EndProject
Project("{FAE04EC0-301F-11D3-BF4B-00C04F79EFBC}") = "Unity.2D.Psdimporter.Editor", "Unity.2D.Psdimporter.Editor.csproj", "{238EAF0F-0857-521C-A58D-355DEE78358C}"
EndProject
Project("{FAE04EC0-301F-11D3-BF4B-00C04F79EFBC}") = "Unity.2D.Animation.Editor", "Unity.2D.Animation.Editor.csproj", "{0DE5C216-1FE8-68A3-FE4D-5DF036CFE400}"
EndProject
Project("{FAE04EC0-301F-11D3-BF4B-00C04F79EFBC}") = "Unity.TextMeshPro.Editor", "Unity.TextMeshPro.Editor.csproj", "{6A77DBFB-2295-6FAF-2419-B3BBD93D1E2F}"
EndProject
Project("{FAE04EC0-301F-11D3-BF4B-00C04F79EFBC}") = "Unity.2D.SpriteShape.Editor", "Unity.2D.SpriteShape.Editor.csproj", "{CDE53A6D-2602-4C54-5D56-81A5F846D788}"
EndProject
Project("{FAE04EC0-301F-11D3-BF4B-00C04F79EFBC}") = "Unity.CollabProxy.Editor", "Unity.CollabProxy.Editor.csproj", "{3A93F72C-66D3-0B2E-FA4D-E15EC15D4164}"
EndProject
Project("{FAE04EC0-301F-11D3-BF4B-00C04F79EFBC}") = "PsdPlugin", "PsdPlugin.csproj", "{A9DAF4DF-940B-B691-F1ED-59393BF8AAAC}"
EndProject
Project("{FAE04EC0-301F-11D3-BF4B-00C04F79EFBC}") = "Unity.2D.Path.Editor", "Unity.2D.Path.Editor.csproj", "{47B0A217-8177-3C13-D352-2C1494E4A5C6}"
EndProject
Project("{FAE04EC0-301F-11D3-BF4B-00C04F79EFBC}") = "Unity.Rider.Editor", "Unity.Rider.Editor.csproj", "{66D09689-C754-4DD0-0C10-9495AD8DCCD3}"
EndProject
Project("{FAE04EC0-301F-11D3-BF4B-00C04F79EFBC}") = "Unity.2D.IK.Editor", "Unity.2D.IK.Editor.csproj", "{77BC0127-4346-9E0B-53EC-3CD65A360E18}"
EndProject
Project("{FAE04EC0-301F-11D3-BF4B-00C04F79EFBC}") = "Unity.2D.Sprite.Editor", "Unity.2D.Sprite.Editor.csproj", "{FB3C1FC8-026C-C907-FF38-18959080C4F7}"
EndProject
Project("{FAE04EC0-301F-11D3-BF4B-00C04F79EFBC}") = "Unity.2D.Tilemap.Editor", "Unity.2D.Tilemap.Editor.csproj", "{C501BA55-8155-FDE5-0F97-948FB7D28778}"
EndProject
Project("{FAE04EC0-301F-11D3-BF4B-00C04F79EFBC}") = "Unity.2D.PixelPerfect.Editor", "Unity.2D.PixelPerfect.Editor.csproj", "{41F12D6E-C076-759A-C482-AAA3BAD3863D}"
EndProject
Project("{FAE04EC0-301F-11D3-BF4B-00C04F79EFBC}") = "Unity.VSCode.Editor", "Unity.VSCode.Editor.csproj", "{8E24E63B-B6E8-25DD-A17E-E0A749F2D33A}"
EndProject
Project("{FAE04EC0-301F-11D3-BF4B-00C04F79EFBC}") = "Unity.2D.Common.Editor", "Unity.2D.Common.Editor.csproj", "{9E522889-3B8B-E11F-6EF7-A1518EA94B60}"
EndProject
Project("{FAE04EC0-301F-11D3-BF4B-00C04F79EFBC}") = "Unity.Mathematics.Editor", "Unity.Mathematics.Editor.csproj", "{99539851-A473-A2F3-F140-5C74137C6008}"
EndProject
Project("{FAE04EC0-301F-11D3-BF4B-00C04F79EFBC}") = "Unity.InternalAPIEditorBridge.001", "Unity.InternalAPIEditorBridge.001.csproj", "{FB41AF56-8721-658D-9902-6CFBB56D6C65}"
EndProject
Project("{FAE04EC0-301F-11D3-BF4B-00C04F79EFBC}") = "UnityEngine.TestRunner", "UnityEngine.TestRunner.Player.csproj", "{66363DF8-65A6-FA37-7322-2FC9FE62DB65}"
EndProject
Project("{FAE04EC0-301F-11D3-BF4B-00C04F79EFBC}") = "Unity.Mathematics", "Unity.Mathematics.Player.csproj", "{629156BC-DB4D-7EF9-DFC6-B5F588AC34D7}"
EndProject
Project("{FAE04EC0-301F-11D3-BF4B-00C04F79EFBC}") = "Unity.2D.Animation.Triangle.Runtime", "Unity.2D.Animation.Triangle.Runtime.Player.csproj", "{2DFD8B42-6F15-FD44-D9D9-B883B7846166}"
EndProject
Project("{FAE04EC0-301F-11D3-BF4B-00C04F79EFBC}") = "Unity.Timeline", "Unity.Timeline.Player.csproj", "{0B31ED74-96EC-56AA-A526-B0647757DC45}"
EndProject
Project("{FAE04EC0-301F-11D3-BF4B-00C04F79EFBC}") = "UnityEngine.UI", "UnityEngine.UI.Player.csproj", "{B051E82E-0AAC-C9C9-44A9-0EBE49A08E8D}"
EndProject
Project("{FAE04EC0-301F-11D3-BF4B-00C04F79EFBC}") = "Unity.TextMeshPro", "Unity.TextMeshPro.Player.csproj", "{8844FAB9-D1C9-8F34-C2BD-73B9D34381B0}"
EndProject
Project("{FAE04EC0-301F-11D3-BF4B-00C04F79EFBC}") = "Unity.2D.Animation.Runtime", "Unity.2D.Animation.Runtime.Player.csproj", "{23D58B2C-AB70-A56A-8D79-8E359DEEDC7F}"
EndProject
Project("{FAE04EC0-301F-11D3-BF4B-00C04F79EFBC}") = "Unity.2D.IK.Runtime", "Unity.2D.IK.Runtime.Player.csproj", "{9C9AB083-4650-0563-75AC-AED7A5836D62}"
EndProject
Project("{FAE04EC0-301F-11D3-BF4B-00C04F79EFBC}") = "Unity.2D.SpriteShape.Runtime", "Unity.2D.SpriteShape.Runtime.Player.csproj", "{55696759-6549-310F-1C14-49D2E8C52FA1}"
EndProject
Project("{FAE04EC0-301F-11D3-BF4B-00C04F79EFBC}") = "Assembly-CSharp", "Assembly-CSharp.Player.csproj", "{5E10FD9D-21C1-F1F1-AA38-659D7E0E11D6}"
EndProject
Project("{FAE04EC0-301F-11D3-BF4B-00C04F79EFBC}") = "Unity.2D.PixelPerfect", "Unity.2D.PixelPerfect.Player.csproj", "{254CF51C-BDD0-0EB7-C866-99A66AB7A3D1}"
EndProject
Project("{FAE04EC0-301F-11D3-BF4B-00C04F79EFBC}") = "Unity.2D.Common.Runtime", "Unity.2D.Common.Runtime.Player.csproj", "{D949B2A5-E952-C5E9-7045-0DE5854C310A}"
EndProject
Project("{FAE04EC0-301F-11D3-BF4B-00C04F79EFBC}") = "Unity.InternalAPIEngineBridge.001", "Unity.InternalAPIEngineBridge.001.Player.csproj", "{695FC351-1640-73CF-2DE2-8A11A2903646}"
EndProject
Global
	GlobalSection(SolutionConfigurationPlatforms) = preSolution
		Debug|Any CPU = Debug|Any CPU
		Release|Any CPU = Release|Any CPU
	EndGlobalSection
	GlobalSection(ProjectConfigurationPlatforms) = postSolution
		{F35BBC39-85DA-A806-D08D-2F0C817E70C3}.Debug|Any CPU.ActiveCfg = Debug|Any CPU
		{F35BBC39-85DA-A806-D08D-2F0C817E70C3}.Debug|Any CPU.Build.0 = Debug|Any CPU
		{F35BBC39-85DA-A806-D08D-2F0C817E70C3}.Release|Any CPU.ActiveCfg = Release|Any CPU
		{F35BBC39-85DA-A806-D08D-2F0C817E70C3}.Release|Any CPU.Build.0 = Release|Any CPU
		{E80DE6B8-600B-1141-88E8-B57E3A8C3614}.Debug|Any CPU.ActiveCfg = Debug|Any CPU
		{E80DE6B8-600B-1141-88E8-B57E3A8C3614}.Debug|Any CPU.Build.0 = Debug|Any CPU
		{E80DE6B8-600B-1141-88E8-B57E3A8C3614}.Release|Any CPU.ActiveCfg = Release|Any CPU
		{E80DE6B8-600B-1141-88E8-B57E3A8C3614}.Release|Any CPU.Build.0 = Release|Any CPU
		{6B21F0DF-BD4F-8345-172C-6ED2A30BDFA9}.Debug|Any CPU.ActiveCfg = Debug|Any CPU
		{6B21F0DF-BD4F-8345-172C-6ED2A30BDFA9}.Debug|Any CPU.Build.0 = Debug|Any CPU
		{6B21F0DF-BD4F-8345-172C-6ED2A30BDFA9}.Release|Any CPU.ActiveCfg = Release|Any CPU
		{6B21F0DF-BD4F-8345-172C-6ED2A30BDFA9}.Release|Any CPU.Build.0 = Release|Any CPU
		{9CC42832-70A6-15FF-1042-68F2C6B9A51D}.Debug|Any CPU.ActiveCfg = Debug|Any CPU
		{9CC42832-70A6-15FF-1042-68F2C6B9A51D}.Debug|Any CPU.Build.0 = Debug|Any CPU
		{9CC42832-70A6-15FF-1042-68F2C6B9A51D}.Release|Any CPU.ActiveCfg = Release|Any CPU
		{9CC42832-70A6-15FF-1042-68F2C6B9A51D}.Release|Any CPU.Build.0 = Release|Any CPU
		{F1F7E958-D253-1B0C-EC65-97E41089CDCF}.Debug|Any CPU.ActiveCfg = Debug|Any CPU
		{F1F7E958-D253-1B0C-EC65-97E41089CDCF}.Debug|Any CPU.Build.0 = Debug|Any CPU
		{F1F7E958-D253-1B0C-EC65-97E41089CDCF}.Release|Any CPU.ActiveCfg = Release|Any CPU
		{F1F7E958-D253-1B0C-EC65-97E41089CDCF}.Release|Any CPU.Build.0 = Release|Any CPU
		{EFC1A43B-1417-267A-8AC4-6CCAFB367CA5}.Debug|Any CPU.ActiveCfg = Debug|Any CPU
		{EFC1A43B-1417-267A-8AC4-6CCAFB367CA5}.Debug|Any CPU.Build.0 = Debug|Any CPU
		{EFC1A43B-1417-267A-8AC4-6CCAFB367CA5}.Release|Any CPU.ActiveCfg = Release|Any CPU
		{EFC1A43B-1417-267A-8AC4-6CCAFB367CA5}.Release|Any CPU.Build.0 = Release|Any CPU
		{52E9056F-AD1E-1FA8-93DB-83199C7C94C3}.Debug|Any CPU.ActiveCfg = Debug|Any CPU
		{52E9056F-AD1E-1FA8-93DB-83199C7C94C3}.Debug|Any CPU.Build.0 = Debug|Any CPU
		{52E9056F-AD1E-1FA8-93DB-83199C7C94C3}.Release|Any CPU.ActiveCfg = Release|Any CPU
		{52E9056F-AD1E-1FA8-93DB-83199C7C94C3}.Release|Any CPU.Build.0 = Release|Any CPU
		{78CE0057-9F3E-EAB7-37FF-48AE4E28E64F}.Debug|Any CPU.ActiveCfg = Debug|Any CPU
		{78CE0057-9F3E-EAB7-37FF-48AE4E28E64F}.Debug|Any CPU.Build.0 = Debug|Any CPU
		{78CE0057-9F3E-EAB7-37FF-48AE4E28E64F}.Release|Any CPU.ActiveCfg = Release|Any CPU
		{78CE0057-9F3E-EAB7-37FF-48AE4E28E64F}.Release|Any CPU.Build.0 = Release|Any CPU
		{660FE6C4-3DC4-E044-99D5-F895F9A38D4E}.Debug|Any CPU.ActiveCfg = Debug|Any CPU
		{660FE6C4-3DC4-E044-99D5-F895F9A38D4E}.Debug|Any CPU.Build.0 = Debug|Any CPU
		{660FE6C4-3DC4-E044-99D5-F895F9A38D4E}.Release|Any CPU.ActiveCfg = Release|Any CPU
		{660FE6C4-3DC4-E044-99D5-F895F9A38D4E}.Release|Any CPU.Build.0 = Release|Any CPU
		{BF63BA9E-8A8E-AA17-B49F-7B2E871A10F6}.Debug|Any CPU.ActiveCfg = Debug|Any CPU
		{BF63BA9E-8A8E-AA17-B49F-7B2E871A10F6}.Debug|Any CPU.Build.0 = Debug|Any CPU
		{BF63BA9E-8A8E-AA17-B49F-7B2E871A10F6}.Release|Any CPU.ActiveCfg = Release|Any CPU
		{BF63BA9E-8A8E-AA17-B49F-7B2E871A10F6}.Release|Any CPU.Build.0 = Release|Any CPU
		{4F317345-D146-6E3F-6916-5738D7657557}.Debug|Any CPU.ActiveCfg = Debug|Any CPU
		{4F317345-D146-6E3F-6916-5738D7657557}.Debug|Any CPU.Build.0 = Debug|Any CPU
		{4F317345-D146-6E3F-6916-5738D7657557}.Release|Any CPU.ActiveCfg = Release|Any CPU
		{4F317345-D146-6E3F-6916-5738D7657557}.Release|Any CPU.Build.0 = Release|Any CPU
		{B4A4B0A4-26EE-2186-C764-EDEE2F03648C}.Debug|Any CPU.ActiveCfg = Debug|Any CPU
		{B4A4B0A4-26EE-2186-C764-EDEE2F03648C}.Debug|Any CPU.Build.0 = Debug|Any CPU
		{B4A4B0A4-26EE-2186-C764-EDEE2F03648C}.Release|Any CPU.ActiveCfg = Release|Any CPU
		{B4A4B0A4-26EE-2186-C764-EDEE2F03648C}.Release|Any CPU.Build.0 = Release|Any CPU
		{C3902804-B0D2-0C89-6F4B-72AD50504216}.Debug|Any CPU.ActiveCfg = Debug|Any CPU
		{C3902804-B0D2-0C89-6F4B-72AD50504216}.Debug|Any CPU.Build.0 = Debug|Any CPU
		{C3902804-B0D2-0C89-6F4B-72AD50504216}.Release|Any CPU.ActiveCfg = Release|Any CPU
		{C3902804-B0D2-0C89-6F4B-72AD50504216}.Release|Any CPU.Build.0 = Release|Any CPU
		{E9803937-F935-7A8F-3E37-F3619123F065}.Debug|Any CPU.ActiveCfg = Debug|Any CPU
		{E9803937-F935-7A8F-3E37-F3619123F065}.Debug|Any CPU.Build.0 = Debug|Any CPU
		{E9803937-F935-7A8F-3E37-F3619123F065}.Release|Any CPU.ActiveCfg = Release|Any CPU
		{E9803937-F935-7A8F-3E37-F3619123F065}.Release|Any CPU.Build.0 = Release|Any CPU
		{33DF5E59-3618-630A-08F5-0FCFEC63033C}.Debug|Any CPU.ActiveCfg = Debug|Any CPU
		{33DF5E59-3618-630A-08F5-0FCFEC63033C}.Debug|Any CPU.Build.0 = Debug|Any CPU
		{33DF5E59-3618-630A-08F5-0FCFEC63033C}.Release|Any CPU.ActiveCfg = Release|Any CPU
		{33DF5E59-3618-630A-08F5-0FCFEC63033C}.Release|Any CPU.Build.0 = Release|Any CPU
		{884AAA33-A7BC-E437-44F3-769BDF5A3319}.Debug|Any CPU.ActiveCfg = Debug|Any CPU
		{884AAA33-A7BC-E437-44F3-769BDF5A3319}.Debug|Any CPU.Build.0 = Debug|Any CPU
		{884AAA33-A7BC-E437-44F3-769BDF5A3319}.Release|Any CPU.ActiveCfg = Release|Any CPU
		{884AAA33-A7BC-E437-44F3-769BDF5A3319}.Release|Any CPU.Build.0 = Release|Any CPU
		{43164349-04A5-9BF8-00E0-60026D45184B}.Debug|Any CPU.ActiveCfg = Debug|Any CPU
		{43164349-04A5-9BF8-00E0-60026D45184B}.Debug|Any CPU.Build.0 = Debug|Any CPU
		{43164349-04A5-9BF8-00E0-60026D45184B}.Release|Any CPU.ActiveCfg = Release|Any CPU
		{43164349-04A5-9BF8-00E0-60026D45184B}.Release|Any CPU.Build.0 = Release|Any CPU
		{238EAF0F-0857-521C-A58D-355DEE78358C}.Debug|Any CPU.ActiveCfg = Debug|Any CPU
		{238EAF0F-0857-521C-A58D-355DEE78358C}.Debug|Any CPU.Build.0 = Debug|Any CPU
		{238EAF0F-0857-521C-A58D-355DEE78358C}.Release|Any CPU.ActiveCfg = Release|Any CPU
		{238EAF0F-0857-521C-A58D-355DEE78358C}.Release|Any CPU.Build.0 = Release|Any CPU
		{0DE5C216-1FE8-68A3-FE4D-5DF036CFE400}.Debug|Any CPU.ActiveCfg = Debug|Any CPU
		{0DE5C216-1FE8-68A3-FE4D-5DF036CFE400}.Debug|Any CPU.Build.0 = Debug|Any CPU
		{0DE5C216-1FE8-68A3-FE4D-5DF036CFE400}.Release|Any CPU.ActiveCfg = Release|Any CPU
		{0DE5C216-1FE8-68A3-FE4D-5DF036CFE400}.Release|Any CPU.Build.0 = Release|Any CPU
		{6A77DBFB-2295-6FAF-2419-B3BBD93D1E2F}.Debug|Any CPU.ActiveCfg = Debug|Any CPU
		{6A77DBFB-2295-6FAF-2419-B3BBD93D1E2F}.Debug|Any CPU.Build.0 = Debug|Any CPU
		{6A77DBFB-2295-6FAF-2419-B3BBD93D1E2F}.Release|Any CPU.ActiveCfg = Release|Any CPU
		{6A77DBFB-2295-6FAF-2419-B3BBD93D1E2F}.Release|Any CPU.Build.0 = Release|Any CPU
		{CDE53A6D-2602-4C54-5D56-81A5F846D788}.Debug|Any CPU.ActiveCfg = Debug|Any CPU
		{CDE53A6D-2602-4C54-5D56-81A5F846D788}.Debug|Any CPU.Build.0 = Debug|Any CPU
		{CDE53A6D-2602-4C54-5D56-81A5F846D788}.Release|Any CPU.ActiveCfg = Release|Any CPU
		{CDE53A6D-2602-4C54-5D56-81A5F846D788}.Release|Any CPU.Build.0 = Release|Any CPU
		{3A93F72C-66D3-0B2E-FA4D-E15EC15D4164}.Debug|Any CPU.ActiveCfg = Debug|Any CPU
		{3A93F72C-66D3-0B2E-FA4D-E15EC15D4164}.Debug|Any CPU.Build.0 = Debug|Any CPU
		{3A93F72C-66D3-0B2E-FA4D-E15EC15D4164}.Release|Any CPU.ActiveCfg = Release|Any CPU
		{3A93F72C-66D3-0B2E-FA4D-E15EC15D4164}.Release|Any CPU.Build.0 = Release|Any CPU
		{A9DAF4DF-940B-B691-F1ED-59393BF8AAAC}.Debug|Any CPU.ActiveCfg = Debug|Any CPU
		{A9DAF4DF-940B-B691-F1ED-59393BF8AAAC}.Debug|Any CPU.Build.0 = Debug|Any CPU
		{A9DAF4DF-940B-B691-F1ED-59393BF8AAAC}.Release|Any CPU.ActiveCfg = Release|Any CPU
		{A9DAF4DF-940B-B691-F1ED-59393BF8AAAC}.Release|Any CPU.Build.0 = Release|Any CPU
		{47B0A217-8177-3C13-D352-2C1494E4A5C6}.Debug|Any CPU.ActiveCfg = Debug|Any CPU
		{47B0A217-8177-3C13-D352-2C1494E4A5C6}.Debug|Any CPU.Build.0 = Debug|Any CPU
		{47B0A217-8177-3C13-D352-2C1494E4A5C6}.Release|Any CPU.ActiveCfg = Release|Any CPU
		{47B0A217-8177-3C13-D352-2C1494E4A5C6}.Release|Any CPU.Build.0 = Release|Any CPU
		{66D09689-C754-4DD0-0C10-9495AD8DCCD3}.Debug|Any CPU.ActiveCfg = Debug|Any CPU
		{66D09689-C754-4DD0-0C10-9495AD8DCCD3}.Debug|Any CPU.Build.0 = Debug|Any CPU
		{66D09689-C754-4DD0-0C10-9495AD8DCCD3}.Release|Any CPU.ActiveCfg = Release|Any CPU
		{66D09689-C754-4DD0-0C10-9495AD8DCCD3}.Release|Any CPU.Build.0 = Release|Any CPU
		{77BC0127-4346-9E0B-53EC-3CD65A360E18}.Debug|Any CPU.ActiveCfg = Debug|Any CPU
		{77BC0127-4346-9E0B-53EC-3CD65A360E18}.Debug|Any CPU.Build.0 = Debug|Any CPU
		{77BC0127-4346-9E0B-53EC-3CD65A360E18}.Release|Any CPU.ActiveCfg = Release|Any CPU
		{77BC0127-4346-9E0B-53EC-3CD65A360E18}.Release|Any CPU.Build.0 = Release|Any CPU
		{FB3C1FC8-026C-C907-FF38-18959080C4F7}.Debug|Any CPU.ActiveCfg = Debug|Any CPU
		{FB3C1FC8-026C-C907-FF38-18959080C4F7}.Debug|Any CPU.Build.0 = Debug|Any CPU
		{FB3C1FC8-026C-C907-FF38-18959080C4F7}.Release|Any CPU.ActiveCfg = Release|Any CPU
		{FB3C1FC8-026C-C907-FF38-18959080C4F7}.Release|Any CPU.Build.0 = Release|Any CPU
		{C501BA55-8155-FDE5-0F97-948FB7D28778}.Debug|Any CPU.ActiveCfg = Debug|Any CPU
		{C501BA55-8155-FDE5-0F97-948FB7D28778}.Debug|Any CPU.Build.0 = Debug|Any CPU
		{C501BA55-8155-FDE5-0F97-948FB7D28778}.Release|Any CPU.ActiveCfg = Release|Any CPU
		{C501BA55-8155-FDE5-0F97-948FB7D28778}.Release|Any CPU.Build.0 = Release|Any CPU
		{41F12D6E-C076-759A-C482-AAA3BAD3863D}.Debug|Any CPU.ActiveCfg = Debug|Any CPU
		{41F12D6E-C076-759A-C482-AAA3BAD3863D}.Debug|Any CPU.Build.0 = Debug|Any CPU
		{41F12D6E-C076-759A-C482-AAA3BAD3863D}.Release|Any CPU.ActiveCfg = Release|Any CPU
		{41F12D6E-C076-759A-C482-AAA3BAD3863D}.Release|Any CPU.Build.0 = Release|Any CPU
		{8E24E63B-B6E8-25DD-A17E-E0A749F2D33A}.Debug|Any CPU.ActiveCfg = Debug|Any CPU
		{8E24E63B-B6E8-25DD-A17E-E0A749F2D33A}.Debug|Any CPU.Build.0 = Debug|Any CPU
		{8E24E63B-B6E8-25DD-A17E-E0A749F2D33A}.Release|Any CPU.ActiveCfg = Release|Any CPU
		{8E24E63B-B6E8-25DD-A17E-E0A749F2D33A}.Release|Any CPU.Build.0 = Release|Any CPU
		{9E522889-3B8B-E11F-6EF7-A1518EA94B60}.Debug|Any CPU.ActiveCfg = Debug|Any CPU
		{9E522889-3B8B-E11F-6EF7-A1518EA94B60}.Debug|Any CPU.Build.0 = Debug|Any CPU
		{9E522889-3B8B-E11F-6EF7-A1518EA94B60}.Release|Any CPU.ActiveCfg = Release|Any CPU
		{9E522889-3B8B-E11F-6EF7-A1518EA94B60}.Release|Any CPU.Build.0 = Release|Any CPU
		{99539851-A473-A2F3-F140-5C74137C6008}.Debug|Any CPU.ActiveCfg = Debug|Any CPU
		{99539851-A473-A2F3-F140-5C74137C6008}.Debug|Any CPU.Build.0 = Debug|Any CPU
		{99539851-A473-A2F3-F140-5C74137C6008}.Release|Any CPU.ActiveCfg = Release|Any CPU
		{99539851-A473-A2F3-F140-5C74137C6008}.Release|Any CPU.Build.0 = Release|Any CPU
		{FB41AF56-8721-658D-9902-6CFBB56D6C65}.Debug|Any CPU.ActiveCfg = Debug|Any CPU
		{FB41AF56-8721-658D-9902-6CFBB56D6C65}.Debug|Any CPU.Build.0 = Debug|Any CPU
		{FB41AF56-8721-658D-9902-6CFBB56D6C65}.Release|Any CPU.ActiveCfg = Release|Any CPU
		{FB41AF56-8721-658D-9902-6CFBB56D6C65}.Release|Any CPU.Build.0 = Release|Any CPU
		{66363DF8-65A6-FA37-7322-2FC9FE62DB65}.Debug|Any CPU.ActiveCfg = Debug|Any CPU
		{66363DF8-65A6-FA37-7322-2FC9FE62DB65}.Debug|Any CPU.Build.0 = Debug|Any CPU
		{66363DF8-65A6-FA37-7322-2FC9FE62DB65}.Release|Any CPU.ActiveCfg = Release|Any CPU
		{66363DF8-65A6-FA37-7322-2FC9FE62DB65}.Release|Any CPU.Build.0 = Release|Any CPU
		{629156BC-DB4D-7EF9-DFC6-B5F588AC34D7}.Debug|Any CPU.ActiveCfg = Debug|Any CPU
		{629156BC-DB4D-7EF9-DFC6-B5F588AC34D7}.Debug|Any CPU.Build.0 = Debug|Any CPU
		{629156BC-DB4D-7EF9-DFC6-B5F588AC34D7}.Release|Any CPU.ActiveCfg = Release|Any CPU
		{629156BC-DB4D-7EF9-DFC6-B5F588AC34D7}.Release|Any CPU.Build.0 = Release|Any CPU
		{2DFD8B42-6F15-FD44-D9D9-B883B7846166}.Debug|Any CPU.ActiveCfg = Debug|Any CPU
		{2DFD8B42-6F15-FD44-D9D9-B883B7846166}.Debug|Any CPU.Build.0 = Debug|Any CPU
		{2DFD8B42-6F15-FD44-D9D9-B883B7846166}.Release|Any CPU.ActiveCfg = Release|Any CPU
		{2DFD8B42-6F15-FD44-D9D9-B883B7846166}.Release|Any CPU.Build.0 = Release|Any CPU
		{0B31ED74-96EC-56AA-A526-B0647757DC45}.Debug|Any CPU.ActiveCfg = Debug|Any CPU
		{0B31ED74-96EC-56AA-A526-B0647757DC45}.Debug|Any CPU.Build.0 = Debug|Any CPU
		{0B31ED74-96EC-56AA-A526-B0647757DC45}.Release|Any CPU.ActiveCfg = Release|Any CPU
		{0B31ED74-96EC-56AA-A526-B0647757DC45}.Release|Any CPU.Build.0 = Release|Any CPU
		{B051E82E-0AAC-C9C9-44A9-0EBE49A08E8D}.Debug|Any CPU.ActiveCfg = Debug|Any CPU
		{B051E82E-0AAC-C9C9-44A9-0EBE49A08E8D}.Debug|Any CPU.Build.0 = Debug|Any CPU
		{B051E82E-0AAC-C9C9-44A9-0EBE49A08E8D}.Release|Any CPU.ActiveCfg = Release|Any CPU
		{B051E82E-0AAC-C9C9-44A9-0EBE49A08E8D}.Release|Any CPU.Build.0 = Release|Any CPU
		{8844FAB9-D1C9-8F34-C2BD-73B9D34381B0}.Debug|Any CPU.ActiveCfg = Debug|Any CPU
		{8844FAB9-D1C9-8F34-C2BD-73B9D34381B0}.Debug|Any CPU.Build.0 = Debug|Any CPU
		{8844FAB9-D1C9-8F34-C2BD-73B9D34381B0}.Release|Any CPU.ActiveCfg = Release|Any CPU
		{8844FAB9-D1C9-8F34-C2BD-73B9D34381B0}.Release|Any CPU.Build.0 = Release|Any CPU
		{23D58B2C-AB70-A56A-8D79-8E359DEEDC7F}.Debug|Any CPU.ActiveCfg = Debug|Any CPU
		{23D58B2C-AB70-A56A-8D79-8E359DEEDC7F}.Debug|Any CPU.Build.0 = Debug|Any CPU
		{23D58B2C-AB70-A56A-8D79-8E359DEEDC7F}.Release|Any CPU.ActiveCfg = Release|Any CPU
		{23D58B2C-AB70-A56A-8D79-8E359DEEDC7F}.Release|Any CPU.Build.0 = Release|Any CPU
		{9C9AB083-4650-0563-75AC-AED7A5836D62}.Debug|Any CPU.ActiveCfg = Debug|Any CPU
		{9C9AB083-4650-0563-75AC-AED7A5836D62}.Debug|Any CPU.Build.0 = Debug|Any CPU
		{9C9AB083-4650-0563-75AC-AED7A5836D62}.Release|Any CPU.ActiveCfg = Release|Any CPU
		{9C9AB083-4650-0563-75AC-AED7A5836D62}.Release|Any CPU.Build.0 = Release|Any CPU
		{55696759-6549-310F-1C14-49D2E8C52FA1}.Debug|Any CPU.ActiveCfg = Debug|Any CPU
		{55696759-6549-310F-1C14-49D2E8C52FA1}.Debug|Any CPU.Build.0 = Debug|Any CPU
		{55696759-6549-310F-1C14-49D2E8C52FA1}.Release|Any CPU.ActiveCfg = Release|Any CPU
		{55696759-6549-310F-1C14-49D2E8C52FA1}.Release|Any CPU.Build.0 = Release|Any CPU
		{5E10FD9D-21C1-F1F1-AA38-659D7E0E11D6}.Debug|Any CPU.ActiveCfg = Debug|Any CPU
		{5E10FD9D-21C1-F1F1-AA38-659D7E0E11D6}.Debug|Any CPU.Build.0 = Debug|Any CPU
		{5E10FD9D-21C1-F1F1-AA38-659D7E0E11D6}.Release|Any CPU.ActiveCfg = Release|Any CPU
		{5E10FD9D-21C1-F1F1-AA38-659D7E0E11D6}.Release|Any CPU.Build.0 = Release|Any CPU
		{254CF51C-BDD0-0EB7-C866-99A66AB7A3D1}.Debug|Any CPU.ActiveCfg = Debug|Any CPU
		{254CF51C-BDD0-0EB7-C866-99A66AB7A3D1}.Debug|Any CPU.Build.0 = Debug|Any CPU
		{254CF51C-BDD0-0EB7-C866-99A66AB7A3D1}.Release|Any CPU.ActiveCfg = Release|Any CPU
		{254CF51C-BDD0-0EB7-C866-99A66AB7A3D1}.Release|Any CPU.Build.0 = Release|Any CPU
		{D949B2A5-E952-C5E9-7045-0DE5854C310A}.Debug|Any CPU.ActiveCfg = Debug|Any CPU
		{D949B2A5-E952-C5E9-7045-0DE5854C310A}.Debug|Any CPU.Build.0 = Debug|Any CPU
		{D949B2A5-E952-C5E9-7045-0DE5854C310A}.Release|Any CPU.ActiveCfg = Release|Any CPU
		{D949B2A5-E952-C5E9-7045-0DE5854C310A}.Release|Any CPU.Build.0 = Release|Any CPU
		{695FC351-1640-73CF-2DE2-8A11A2903646}.Debug|Any CPU.ActiveCfg = Debug|Any CPU
		{695FC351-1640-73CF-2DE2-8A11A2903646}.Debug|Any CPU.Build.0 = Debug|Any CPU
		{695FC351-1640-73CF-2DE2-8A11A2903646}.Release|Any CPU.ActiveCfg = Release|Any CPU
		{695FC351-1640-73CF-2DE2-8A11A2903646}.Release|Any CPU.Build.0 = Release|Any CPU
	EndGlobalSection
	GlobalSection(SolutionProperties) = preSolution
		HideSolutionNode = FALSE
	EndGlobalSection
EndGlobal
